// !$*UTF8*$!
{
	archiveVersion = 1;
	classes = {
	};
	objectVersion = 54;
	objects = {

/* Begin PBXBuildFile section */
		001C6DD927FE585A00D472C2 /* AppSecrets.swift.masque in Resources */ = {isa = PBXBuildFile; fileRef = 001C6DD827FE585A00D472C2 /* AppSecrets.swift.masque */; };
		001C6DDA27FE585A00D472C2 /* AppSecrets.swift.masque in Resources */ = {isa = PBXBuildFile; fileRef = 001C6DD827FE585A00D472C2 /* AppSecrets.swift.masque */; };
		0083586E27FE168D00192A15 /* ArcGIS in Frameworks */ = {isa = PBXBuildFile; productRef = 0083586D27FE168D00192A15 /* ArcGIS */; };
		0083589527FE518F00192A15 /* Info.plist in Resources */ = {isa = PBXBuildFile; fileRef = 00E5402A27F775EA00CF66D5 /* Info.plist */; };
		0083589727FE51A000192A15 /* Info.plist in Resources */ = {isa = PBXBuildFile; fileRef = 0083589627FE51A000192A15 /* Info.plist */; };
		00C07C6A27F7AF7A00661F49 /* ArcGIS in Frameworks */ = {isa = PBXBuildFile; productRef = 00C07C6927F7AF7A00661F49 /* ArcGIS */; };
		00E5401C27F3CCA200CF66D5 /* AppMain.swift in Sources */ = {isa = PBXBuildFile; fileRef = 00E5400C27F3CCA100CF66D5 /* AppMain.swift */; };
		00E5401D27F3CCA200CF66D5 /* AppMain.swift in Sources */ = {isa = PBXBuildFile; fileRef = 00E5400C27F3CCA100CF66D5 /* AppMain.swift */; };
		00E5401E27F3CCA200CF66D5 /* ContentView.swift in Sources */ = {isa = PBXBuildFile; fileRef = 00E5400D27F3CCA100CF66D5 /* ContentView.swift */; };
		00E5401F27F3CCA200CF66D5 /* ContentView.swift in Sources */ = {isa = PBXBuildFile; fileRef = 00E5400D27F3CCA100CF66D5 /* ContentView.swift */; };
		00E5402027F3CCA200CF66D5 /* Assets.xcassets in Resources */ = {isa = PBXBuildFile; fileRef = 00E5400E27F3CCA200CF66D5 /* Assets.xcassets */; };
		00E5402127F3CCA200CF66D5 /* Assets.xcassets in Resources */ = {isa = PBXBuildFile; fileRef = 00E5400E27F3CCA200CF66D5 /* Assets.xcassets */; };
/* End PBXBuildFile section */

/* Begin PBXBuildRule section */
		001C6DD627FE57A900D472C2 /* PBXBuildRule */ = {
			isa = PBXBuildRule;
			compilerSpec = com.apple.compilers.proxy.script;
			filePatterns = "*.masque";
			fileType = pattern.proxy;
			inputFiles = (
				"$(SRCROOT)/.secrets",
			);
			isEditable = 1;
			name = "Generate swift code from secrets";
			outputFiles = (
				"$(DERIVED_FILE_DIR)/$(INPUT_FILE_BASE)",
			);
			runOncePerArchitecture = 0;
			script = "\"${SRCROOT}/Scripts/masquerade\" -i \"${INPUT_FILE_PATH}\" -o \"${SCRIPT_OUTPUT_FILE_0}\" -s \"${SCRIPT_INPUT_FILE_0}\" -f\n";
		};
		0083586F27FE3BCF00192A15 /* PBXBuildRule */ = {
			isa = PBXBuildRule;
			compilerSpec = com.apple.compilers.proxy.script;
			filePatterns = "*.masque";
			fileType = pattern.proxy;
			inputFiles = (
				"$(SRCROOT)/.secrets",
			);
			isEditable = 1;
			name = "Generate swift code from secrets";
			outputFiles = (
				"$(DERIVED_FILE_DIR)/$(INPUT_FILE_BASE)",
			);
			runOncePerArchitecture = 0;
			script = "\"${SRCROOT}/Scripts/masquerade\" -i \"${INPUT_FILE_PATH}\" -o \"${SCRIPT_OUTPUT_FILE_0}\" -s \"${SCRIPT_INPUT_FILE_0}\" -f\n";
		};
/* End PBXBuildRule section */

/* Begin PBXFileReference section */
		001C6DD827FE585A00D472C2 /* AppSecrets.swift.masque */ = {isa = PBXFileReference; fileEncoding = 4; lastKnownFileType = text; path = AppSecrets.swift.masque; sourceTree = "<group>"; };
		0083589627FE51A000192A15 /* Info.plist */ = {isa = PBXFileReference; lastKnownFileType = text.plist.xml; path = Info.plist; sourceTree = "<group>"; };
		00E5400C27F3CCA100CF66D5 /* AppMain.swift */ = {isa = PBXFileReference; lastKnownFileType = sourcecode.swift; path = AppMain.swift; sourceTree = "<group>"; };
		00E5400D27F3CCA100CF66D5 /* ContentView.swift */ = {isa = PBXFileReference; lastKnownFileType = sourcecode.swift; path = ContentView.swift; sourceTree = "<group>"; };
		00E5400E27F3CCA200CF66D5 /* Assets.xcassets */ = {isa = PBXFileReference; lastKnownFileType = folder.assetcatalog; path = Assets.xcassets; sourceTree = "<group>"; };
		00E5401327F3CCA200CF66D5 /* Samples.app */ = {isa = PBXFileReference; explicitFileType = wrapper.application; includeInIndex = 0; path = Samples.app; sourceTree = BUILT_PRODUCTS_DIR; };
		00E5401927F3CCA200CF66D5 /* Samples.app */ = {isa = PBXFileReference; explicitFileType = wrapper.application; includeInIndex = 0; path = Samples.app; sourceTree = BUILT_PRODUCTS_DIR; };
		00E5401B27F3CCA200CF66D5 /* macOS.entitlements */ = {isa = PBXFileReference; lastKnownFileType = text.plist.entitlements; path = macOS.entitlements; sourceTree = "<group>"; };
		00E5402A27F775EA00CF66D5 /* Info.plist */ = {isa = PBXFileReference; lastKnownFileType = text.plist.xml; path = Info.plist; sourceTree = "<group>"; };
		00E5402C27F7AF2400CF66D5 /* Swift */ = {isa = PBXFileReference; lastKnownFileType = wrapper; path = Swift; sourceTree = "<group>"; };
/* End PBXFileReference section */

/* Begin PBXFrameworksBuildPhase section */
		00E5401027F3CCA200CF66D5 /* Frameworks */ = {
			isa = PBXFrameworksBuildPhase;
			buildActionMask = 2147483647;
			files = (
				0083586E27FE168D00192A15 /* ArcGIS in Frameworks */,
			);
			runOnlyForDeploymentPostprocessing = 0;
		};
		00E5401627F3CCA200CF66D5 /* Frameworks */ = {
			isa = PBXFrameworksBuildPhase;
			buildActionMask = 2147483647;
			files = (
				00C07C6A27F7AF7A00661F49 /* ArcGIS in Frameworks */,
			);
			runOnlyForDeploymentPostprocessing = 0;
		};
/* End PBXFrameworksBuildPhase section */

/* Begin PBXGroup section */
		0083589427FE45F300192A15 /* iOS */ = {
			isa = PBXGroup;
			children = (
				00E5402A27F775EA00CF66D5 /* Info.plist */,
			);
			path = iOS;
			sourceTree = "<group>";
		};
		00C07C6827F7AF7A00661F49 /* Frameworks */ = {
			isa = PBXGroup;
			children = (
			);
			name = Frameworks;
			sourceTree = "<group>";
		};
		00E5400627F3CCA100CF66D5 = {
			isa = PBXGroup;
			children = (
				00E5402C27F7AF2400CF66D5 /* Swift */,
				00E5400B27F3CCA100CF66D5 /* Shared */,
				0083589427FE45F300192A15 /* iOS */,
				00E5401A27F3CCA200CF66D5 /* macOS */,
				00E5401427F3CCA200CF66D5 /* Products */,
				00C07C6827F7AF7A00661F49 /* Frameworks */,
			);
			sourceTree = "<group>";
		};
		00E5400B27F3CCA100CF66D5 /* Shared */ = {
			isa = PBXGroup;
			children = (
				001C6DD827FE585A00D472C2 /* AppSecrets.swift.masque */,
				00E5400C27F3CCA100CF66D5 /* AppMain.swift */,
				00E5400D27F3CCA100CF66D5 /* ContentView.swift */,
				00E5400E27F3CCA200CF66D5 /* Assets.xcassets */,
			);
			path = Shared;
			sourceTree = "<group>";
		};
		00E5401427F3CCA200CF66D5 /* Products */ = {
			isa = PBXGroup;
			children = (
				00E5401327F3CCA200CF66D5 /* Samples.app */,
				00E5401927F3CCA200CF66D5 /* Samples.app */,
			);
			name = Products;
			sourceTree = "<group>";
		};
		00E5401A27F3CCA200CF66D5 /* macOS */ = {
			isa = PBXGroup;
			children = (
				00E5401B27F3CCA200CF66D5 /* macOS.entitlements */,
				0083589627FE51A000192A15 /* Info.plist */,
			);
			path = macOS;
			sourceTree = "<group>";
		};
/* End PBXGroup section */

/* Begin PBXNativeTarget section */
		00E5401227F3CCA200CF66D5 /* arcgis-swift-sdk-samples (iOS) */ = {
			isa = PBXNativeTarget;
			buildConfigurationList = 00E5402427F3CCA200CF66D5 /* Build configuration list for PBXNativeTarget "arcgis-swift-sdk-samples (iOS)" */;
			buildPhases = (
				00E5402B27F77A5A00CF66D5 /* SwiftLint */,
				00E5400F27F3CCA200CF66D5 /* Sources */,
				00E5401027F3CCA200CF66D5 /* Frameworks */,
				00E5401127F3CCA200CF66D5 /* Resources */,
			);
			buildRules = (
				0083586F27FE3BCF00192A15 /* PBXBuildRule */,
			);
			dependencies = (
			);
			name = "arcgis-swift-sdk-samples (iOS)";
			packageProductDependencies = (
				0083586D27FE168D00192A15 /* ArcGIS */,
			);
			productName = "arcgis-swift-sdk-samples (iOS)";
			productReference = 00E5401327F3CCA200CF66D5 /* Samples.app */;
			productType = "com.apple.product-type.application";
		};
		00E5401827F3CCA200CF66D5 /* arcgis-swift-sdk-samples (macOS) */ = {
			isa = PBXNativeTarget;
			buildConfigurationList = 00E5402727F3CCA200CF66D5 /* Build configuration list for PBXNativeTarget "arcgis-swift-sdk-samples (macOS)" */;
			buildPhases = (
				001C6DD727FE57DE00D472C2 /* SwiftLint */,
				00E5401527F3CCA200CF66D5 /* Sources */,
				00E5401627F3CCA200CF66D5 /* Frameworks */,
				00E5401727F3CCA200CF66D5 /* Resources */,
			);
			buildRules = (
				001C6DD627FE57A900D472C2 /* PBXBuildRule */,
			);
			dependencies = (
			);
			name = "arcgis-swift-sdk-samples (macOS)";
			packageProductDependencies = (
				00C07C6927F7AF7A00661F49 /* ArcGIS */,
			);
			productName = "arcgis-swift-sdk-samples (macOS)";
			productReference = 00E5401927F3CCA200CF66D5 /* Samples.app */;
			productType = "com.apple.product-type.application";
		};
/* End PBXNativeTarget section */

/* Begin PBXProject section */
		00E5400727F3CCA100CF66D5 /* Project object */ = {
			isa = PBXProject;
			attributes = {
				BuildIndependentTargetsInParallel = 1;
				LastSwiftUpdateCheck = 1330;
				LastUpgradeCheck = 1330;
				TargetAttributes = {
					00E5401227F3CCA200CF66D5 = {
						CreatedOnToolsVersion = 13.3;
					};
					00E5401827F3CCA200CF66D5 = {
						CreatedOnToolsVersion = 13.3;
					};
				};
			};
			buildConfigurationList = 00E5400A27F3CCA100CF66D5 /* Build configuration list for PBXProject "arcgis-swift-sdk-samples" */;
			compatibilityVersion = "Xcode 12.0";
			developmentRegion = en;
			hasScannedForEncodings = 0;
			knownRegions = (
				en,
				Base,
			);
			mainGroup = 00E5400627F3CCA100CF66D5;
			productRefGroup = 00E5401427F3CCA200CF66D5 /* Products */;
			projectDirPath = "";
			projectRoot = "";
			targets = (
				00E5401227F3CCA200CF66D5 /* arcgis-swift-sdk-samples (iOS) */,
				00E5401827F3CCA200CF66D5 /* arcgis-swift-sdk-samples (macOS) */,
			);
		};
/* End PBXProject section */

/* Begin PBXResourcesBuildPhase section */
		00E5401127F3CCA200CF66D5 /* Resources */ = {
			isa = PBXResourcesBuildPhase;
			buildActionMask = 2147483647;
			files = (
				001C6DD927FE585A00D472C2 /* AppSecrets.swift.masque in Resources */,
				0083589527FE518F00192A15 /* Info.plist in Resources */,
				00E5402027F3CCA200CF66D5 /* Assets.xcassets in Resources */,
			);
			runOnlyForDeploymentPostprocessing = 0;
		};
		00E5401727F3CCA200CF66D5 /* Resources */ = {
			isa = PBXResourcesBuildPhase;
			buildActionMask = 2147483647;
			files = (
				001C6DDA27FE585A00D472C2 /* AppSecrets.swift.masque in Resources */,
				0083589727FE51A000192A15 /* Info.plist in Resources */,
				00E5402127F3CCA200CF66D5 /* Assets.xcassets in Resources */,
			);
			runOnlyForDeploymentPostprocessing = 0;
		};
/* End PBXResourcesBuildPhase section */

/* Begin PBXShellScriptBuildPhase section */
		001C6DD727FE57DE00D472C2 /* SwiftLint */ = {
			isa = PBXShellScriptBuildPhase;
			buildActionMask = 2147483647;
			files = (
			);
			inputFileListPaths = (
			);
			inputPaths = (
			);
			name = SwiftLint;
			outputFileListPaths = (
			);
			outputPaths = (
			);
			runOnlyForDeploymentPostprocessing = 0;
			shellPath = /bin/sh;
			shellScript = "if which swiftlint > /dev/null; then\n  swiftlint\nelse\n  echo \"warning: SwiftLint not installed, download from https://github.com/realm/SwiftLint\"\nfi\n";
		};
		00E5402B27F77A5A00CF66D5 /* SwiftLint */ = {
			isa = PBXShellScriptBuildPhase;
			buildActionMask = 2147483647;
			files = (
			);
			inputFileListPaths = (
			);
			inputPaths = (
			);
			name = SwiftLint;
			outputFileListPaths = (
			);
			outputPaths = (
			);
			runOnlyForDeploymentPostprocessing = 0;
			shellPath = /bin/sh;
			shellScript = "if which swiftlint > /dev/null; then\n  swiftlint\nelse\n  echo \"warning: SwiftLint not installed, download from https://github.com/realm/SwiftLint\"\nfi\n";
		};
/* End PBXShellScriptBuildPhase section */

/* Begin PBXSourcesBuildPhase section */
		00E5400F27F3CCA200CF66D5 /* Sources */ = {
			isa = PBXSourcesBuildPhase;
			buildActionMask = 2147483647;
			files = (
				00E5401E27F3CCA200CF66D5 /* ContentView.swift in Sources */,
				00E5401C27F3CCA200CF66D5 /* AppMain.swift in Sources */,
			);
			runOnlyForDeploymentPostprocessing = 0;
		};
		00E5401527F3CCA200CF66D5 /* Sources */ = {
			isa = PBXSourcesBuildPhase;
			buildActionMask = 2147483647;
			files = (
				00E5401F27F3CCA200CF66D5 /* ContentView.swift in Sources */,
				00E5401D27F3CCA200CF66D5 /* AppMain.swift in Sources */,
			);
			runOnlyForDeploymentPostprocessing = 0;
		};
/* End PBXSourcesBuildPhase section */

/* Begin XCBuildConfiguration section */
		00E5402227F3CCA200CF66D5 /* Debug */ = {
			isa = XCBuildConfiguration;
			buildSettings = {
				ALWAYS_SEARCH_USER_PATHS = NO;
				CLANG_ANALYZER_NONNULL = YES;
				CLANG_ANALYZER_NUMBER_OBJECT_CONVERSION = YES_AGGRESSIVE;
				CLANG_CXX_LANGUAGE_STANDARD = "gnu++17";
				CLANG_ENABLE_MODULES = YES;
				CLANG_ENABLE_OBJC_ARC = YES;
				CLANG_ENABLE_OBJC_WEAK = YES;
				CLANG_WARN_BLOCK_CAPTURE_AUTORELEASING = YES;
				CLANG_WARN_BOOL_CONVERSION = YES;
				CLANG_WARN_COMMA = YES;
				CLANG_WARN_CONSTANT_CONVERSION = YES;
				CLANG_WARN_DEPRECATED_OBJC_IMPLEMENTATIONS = YES;
				CLANG_WARN_DIRECT_OBJC_ISA_USAGE = YES_ERROR;
				CLANG_WARN_DOCUMENTATION_COMMENTS = YES;
				CLANG_WARN_EMPTY_BODY = YES;
				CLANG_WARN_ENUM_CONVERSION = YES;
				CLANG_WARN_INFINITE_RECURSION = YES;
				CLANG_WARN_INT_CONVERSION = YES;
				CLANG_WARN_NON_LITERAL_NULL_CONVERSION = YES;
				CLANG_WARN_OBJC_IMPLICIT_RETAIN_SELF = YES;
				CLANG_WARN_OBJC_LITERAL_CONVERSION = YES;
				CLANG_WARN_OBJC_ROOT_CLASS = YES_ERROR;
				CLANG_WARN_QUOTED_INCLUDE_IN_FRAMEWORK_HEADER = YES;
				CLANG_WARN_RANGE_LOOP_ANALYSIS = YES;
				CLANG_WARN_STRICT_PROTOTYPES = YES;
				CLANG_WARN_SUSPICIOUS_MOVE = YES;
				CLANG_WARN_UNGUARDED_AVAILABILITY = YES_AGGRESSIVE;
				CLANG_WARN_UNREACHABLE_CODE = YES;
				CLANG_WARN__DUPLICATE_METHOD_MATCH = YES;
				COPY_PHASE_STRIP = NO;
				DEBUG_INFORMATION_FORMAT = dwarf;
				ENABLE_STRICT_OBJC_MSGSEND = YES;
				ENABLE_TESTABILITY = YES;
				GCC_C_LANGUAGE_STANDARD = gnu11;
				GCC_DYNAMIC_NO_PIC = NO;
				GCC_NO_COMMON_BLOCKS = YES;
				GCC_OPTIMIZATION_LEVEL = 0;
				GCC_PREPROCESSOR_DEFINITIONS = (
					"DEBUG=1",
					"$(inherited)",
				);
				GCC_WARN_64_TO_32_BIT_CONVERSION = YES;
				GCC_WARN_ABOUT_RETURN_TYPE = YES_ERROR;
				GCC_WARN_UNDECLARED_SELECTOR = YES;
				GCC_WARN_UNINITIALIZED_AUTOS = YES_AGGRESSIVE;
				GCC_WARN_UNUSED_FUNCTION = YES;
				GCC_WARN_UNUSED_VARIABLE = YES;
				MTL_ENABLE_DEBUG_INFO = INCLUDE_SOURCE;
				MTL_FAST_MATH = YES;
				ONLY_ACTIVE_ARCH = YES;
				SWIFT_ACTIVE_COMPILATION_CONDITIONS = DEBUG;
				SWIFT_OPTIMIZATION_LEVEL = "-Onone";
			};
			name = Debug;
		};
		00E5402327F3CCA200CF66D5 /* Release */ = {
			isa = XCBuildConfiguration;
			buildSettings = {
				ALWAYS_SEARCH_USER_PATHS = NO;
				CLANG_ANALYZER_NONNULL = YES;
				CLANG_ANALYZER_NUMBER_OBJECT_CONVERSION = YES_AGGRESSIVE;
				CLANG_CXX_LANGUAGE_STANDARD = "gnu++17";
				CLANG_ENABLE_MODULES = YES;
				CLANG_ENABLE_OBJC_ARC = YES;
				CLANG_ENABLE_OBJC_WEAK = YES;
				CLANG_WARN_BLOCK_CAPTURE_AUTORELEASING = YES;
				CLANG_WARN_BOOL_CONVERSION = YES;
				CLANG_WARN_COMMA = YES;
				CLANG_WARN_CONSTANT_CONVERSION = YES;
				CLANG_WARN_DEPRECATED_OBJC_IMPLEMENTATIONS = YES;
				CLANG_WARN_DIRECT_OBJC_ISA_USAGE = YES_ERROR;
				CLANG_WARN_DOCUMENTATION_COMMENTS = YES;
				CLANG_WARN_EMPTY_BODY = YES;
				CLANG_WARN_ENUM_CONVERSION = YES;
				CLANG_WARN_INFINITE_RECURSION = YES;
				CLANG_WARN_INT_CONVERSION = YES;
				CLANG_WARN_NON_LITERAL_NULL_CONVERSION = YES;
				CLANG_WARN_OBJC_IMPLICIT_RETAIN_SELF = YES;
				CLANG_WARN_OBJC_LITERAL_CONVERSION = YES;
				CLANG_WARN_OBJC_ROOT_CLASS = YES_ERROR;
				CLANG_WARN_QUOTED_INCLUDE_IN_FRAMEWORK_HEADER = YES;
				CLANG_WARN_RANGE_LOOP_ANALYSIS = YES;
				CLANG_WARN_STRICT_PROTOTYPES = YES;
				CLANG_WARN_SUSPICIOUS_MOVE = YES;
				CLANG_WARN_UNGUARDED_AVAILABILITY = YES_AGGRESSIVE;
				CLANG_WARN_UNREACHABLE_CODE = YES;
				CLANG_WARN__DUPLICATE_METHOD_MATCH = YES;
				COPY_PHASE_STRIP = NO;
				DEBUG_INFORMATION_FORMAT = "dwarf-with-dsym";
				ENABLE_NS_ASSERTIONS = NO;
				ENABLE_STRICT_OBJC_MSGSEND = YES;
				GCC_C_LANGUAGE_STANDARD = gnu11;
				GCC_NO_COMMON_BLOCKS = YES;
				GCC_WARN_64_TO_32_BIT_CONVERSION = YES;
				GCC_WARN_ABOUT_RETURN_TYPE = YES_ERROR;
				GCC_WARN_UNDECLARED_SELECTOR = YES;
				GCC_WARN_UNINITIALIZED_AUTOS = YES_AGGRESSIVE;
				GCC_WARN_UNUSED_FUNCTION = YES;
				GCC_WARN_UNUSED_VARIABLE = YES;
				MTL_ENABLE_DEBUG_INFO = NO;
				MTL_FAST_MATH = YES;
				SWIFT_COMPILATION_MODE = wholemodule;
				SWIFT_OPTIMIZATION_LEVEL = "-O";
			};
			name = Release;
		};
		00E5402527F3CCA200CF66D5 /* Debug */ = {
			isa = XCBuildConfiguration;
			buildSettings = {
				ASSETCATALOG_COMPILER_APPICON_NAME = AppIcon;
				ASSETCATALOG_COMPILER_GLOBAL_ACCENT_COLOR_NAME = AccentColor;
				CODE_SIGN_STYLE = Automatic;
				CURRENT_PROJECT_VERSION = 1;
				INFOPLIST_FILE = iOS/Info.plist;
				INFOPLIST_KEY_UIApplicationSupportsIndirectInputEvents = YES;
				INFOPLIST_KEY_UILaunchScreen_Generation = YES;
				INFOPLIST_KEY_UISupportedInterfaceOrientations_iPad = "UIInterfaceOrientationPortrait UIInterfaceOrientationPortraitUpsideDown UIInterfaceOrientationLandscapeLeft UIInterfaceOrientationLandscapeRight";
				INFOPLIST_KEY_UISupportedInterfaceOrientations_iPhone = "UIInterfaceOrientationPortrait UIInterfaceOrientationLandscapeLeft UIInterfaceOrientationLandscapeRight";
				IPHONEOS_DEPLOYMENT_TARGET = 15.0;
				LD_RUNPATH_SEARCH_PATHS = (
					"$(inherited)",
					"@executable_path/Frameworks",
				);
				MARKETING_VERSION = 200.0.0;
				PRODUCT_BUNDLE_IDENTIFIER = "com.esri.arcgis-swift-sdk-samples";
				PRODUCT_NAME = Samples;
				SDKROOT = iphoneos;
				SWIFT_EMIT_LOC_STRINGS = YES;
				SWIFT_VERSION = 5.0;
				TARGETED_DEVICE_FAMILY = "1,2";
			};
			name = Debug;
		};
		00E5402627F3CCA200CF66D5 /* Release */ = {
			isa = XCBuildConfiguration;
			buildSettings = {
				ASSETCATALOG_COMPILER_APPICON_NAME = AppIcon;
				ASSETCATALOG_COMPILER_GLOBAL_ACCENT_COLOR_NAME = AccentColor;
				CODE_SIGN_STYLE = Automatic;
				CURRENT_PROJECT_VERSION = 1;
				INFOPLIST_FILE = iOS/Info.plist;
				INFOPLIST_KEY_UIApplicationSupportsIndirectInputEvents = YES;
				INFOPLIST_KEY_UILaunchScreen_Generation = YES;
				INFOPLIST_KEY_UISupportedInterfaceOrientations_iPad = "UIInterfaceOrientationPortrait UIInterfaceOrientationPortraitUpsideDown UIInterfaceOrientationLandscapeLeft UIInterfaceOrientationLandscapeRight";
				INFOPLIST_KEY_UISupportedInterfaceOrientations_iPhone = "UIInterfaceOrientationPortrait UIInterfaceOrientationLandscapeLeft UIInterfaceOrientationLandscapeRight";
				IPHONEOS_DEPLOYMENT_TARGET = 15.0;
				LD_RUNPATH_SEARCH_PATHS = (
					"$(inherited)",
					"@executable_path/Frameworks",
				);
				MARKETING_VERSION = 200.0.0;
				PRODUCT_BUNDLE_IDENTIFIER = "com.esri.arcgis-swift-sdk-samples";
				PRODUCT_NAME = Samples;
				SDKROOT = iphoneos;
				SWIFT_EMIT_LOC_STRINGS = YES;
				SWIFT_VERSION = 5.0;
				TARGETED_DEVICE_FAMILY = "1,2";
				VALIDATE_PRODUCT = YES;
			};
			name = Release;
		};
		00E5402827F3CCA200CF66D5 /* Debug */ = {
			isa = XCBuildConfiguration;
			buildSettings = {
				ASSETCATALOG_COMPILER_APPICON_NAME = AppIcon;
				ASSETCATALOG_COMPILER_GLOBAL_ACCENT_COLOR_NAME = AccentColor;
				CODE_SIGN_ENTITLEMENTS = macOS/macOS.entitlements;
				CODE_SIGN_STYLE = Automatic;
				COMBINE_HIDPI_IMAGES = YES;
				CURRENT_PROJECT_VERSION = 1;
				GENERATE_INFOPLIST_FILE = YES;
				INFOPLIST_KEY_LSApplicationCategoryType = "public.app-category.education";
				INFOPLIST_KEY_NSHumanReadableCopyright = "";
				LD_RUNPATH_SEARCH_PATHS = (
					"$(inherited)",
					"@executable_path/../Frameworks",
				);
				MACOSX_DEPLOYMENT_TARGET = 12.0;
				MARKETING_VERSION = 200.0.0;
				PRODUCT_BUNDLE_IDENTIFIER = "com.esri.arcgis-swift-sdk-samples";
				PRODUCT_NAME = Samples;
				SDKROOT = macosx;
				SWIFT_EMIT_LOC_STRINGS = YES;
				SWIFT_VERSION = 5.0;
			};
			name = Debug;
		};
		00E5402927F3CCA200CF66D5 /* Release */ = {
			isa = XCBuildConfiguration;
			buildSettings = {
				ASSETCATALOG_COMPILER_APPICON_NAME = AppIcon;
				ASSETCATALOG_COMPILER_GLOBAL_ACCENT_COLOR_NAME = AccentColor;
				CODE_SIGN_ENTITLEMENTS = macOS/macOS.entitlements;
				CODE_SIGN_STYLE = Automatic;
				COMBINE_HIDPI_IMAGES = YES;
				CURRENT_PROJECT_VERSION = 1;
				GENERATE_INFOPLIST_FILE = YES;
				INFOPLIST_KEY_LSApplicationCategoryType = "public.app-category.education";
				INFOPLIST_KEY_NSHumanReadableCopyright = "";
				LD_RUNPATH_SEARCH_PATHS = (
					"$(inherited)",
					"@executable_path/../Frameworks",
				);
				MACOSX_DEPLOYMENT_TARGET = 12.0;
				MARKETING_VERSION = 200.0.0;
				PRODUCT_BUNDLE_IDENTIFIER = "com.esri.arcgis-swift-sdk-samples";
				PRODUCT_NAME = Samples;
				SDKROOT = macosx;
				SWIFT_EMIT_LOC_STRINGS = YES;
				SWIFT_VERSION = 5.0;
			};
			name = Release;
		};
/* End XCBuildConfiguration section */

/* Begin XCConfigurationList section */
		00E5400A27F3CCA100CF66D5 /* Build configuration list for PBXProject "arcgis-swift-sdk-samples" */ = {
			isa = XCConfigurationList;
			buildConfigurations = (
				00E5402227F3CCA200CF66D5 /* Debug */,
				00E5402327F3CCA200CF66D5 /* Release */,
			);
			defaultConfigurationIsVisible = 0;
			defaultConfigurationName = Release;
		};
		00E5402427F3CCA200CF66D5 /* Build configuration list for PBXNativeTarget "arcgis-swift-sdk-samples (iOS)" */ = {
			isa = XCConfigurationList;
			buildConfigurations = (
				00E5402527F3CCA200CF66D5 /* Debug */,
				00E5402627F3CCA200CF66D5 /* Release */,
			);
			defaultConfigurationIsVisible = 0;
			defaultConfigurationName = Release;
		};
		00E5402727F3CCA200CF66D5 /* Build configuration list for PBXNativeTarget "arcgis-swift-sdk-samples (macOS)" */ = {
			isa = XCConfigurationList;
			buildConfigurations = (
				00E5402827F3CCA200CF66D5 /* Debug */,
				00E5402927F3CCA200CF66D5 /* Release */,
			);
			defaultConfigurationIsVisible = 0;
			defaultConfigurationName = Release;
		};
/* End XCConfigurationList section */

/* Begin XCSwiftPackageProductDependency section */
		0083586D27FE168D00192A15 /* ArcGIS */ = {
			isa = XCSwiftPackageProductDependency;
			productName = ArcGIS;
		};
		00C07C6927F7AF7A00661F49 /* ArcGIS */ = {
			isa = XCSwiftPackageProductDependency;
			productName = ArcGIS;
		};
/* End XCSwiftPackageProductDependency section */
	};
	rootObject = 00E5400727F3CCA100CF66D5 /* Project object */;
}
