// !$*UTF8*$!
{
	archiveVersion = 1;
	classes = {
	};
	objectVersion = 55;
	objects = {

/* Begin PBXBuildFile section */
		0005580A2817C51E00224BC6 /* SampleDetailView.swift in Sources */ = {isa = PBXBuildFile; fileRef = 000558092817C51E00224BC6 /* SampleDetailView.swift */; };
		0005580C28185C0600224BC6 /* SampleList.swift in Sources */ = {isa = PBXBuildFile; fileRef = 0005580B28185C0600224BC6 /* SampleList.swift */; };
		00181B462846AD7100654571 /* View+Alert.swift in Sources */ = {isa = PBXBuildFile; fileRef = 00181B452846AD7100654571 /* View+Alert.swift */; };
		001C6DE127FE8A9400D472C2 /* AppSecrets.swift.masque in Sources */ = {isa = PBXBuildFile; fileRef = 001C6DD827FE585A00D472C2 /* AppSecrets.swift.masque */; };
		0039A4E92885C50300592C86 /* AddSceneLayerFromServiceView.swift in Copy Source Code Files */ = {isa = PBXBuildFile; fileRef = E066DD3F28610F55004D3D5B /* AddSceneLayerFromServiceView.swift */; };
		0039A4EA2885C50300592C86 /* ClipGeometryView.swift in Copy Source Code Files */ = {isa = PBXBuildFile; fileRef = E000E75F2869E33D005D87C5 /* ClipGeometryView.swift */; };
		0039A4EB2885C50300592C86 /* CreatePlanarAndGeodeticBuffersView.swift in Copy Source Code Files */ = {isa = PBXBuildFile; fileRef = E004A6EC2849556E002A1FE6 /* CreatePlanarAndGeodeticBuffersView.swift */; };
		0039A4EC2885C50300592C86 /* CutGeometryView.swift in Copy Source Code Files */ = {isa = PBXBuildFile; fileRef = E000E762286A0B18005D87C5 /* CutGeometryView.swift */; };
		0039A4ED2885C50300592C86 /* DisplayMapView.swift in Copy Source Code Files */ = {isa = PBXBuildFile; fileRef = 0074ABBE28174BCF0037244A /* DisplayMapView.swift */; };
		0039A4EE2885C50300592C86 /* DisplayOverviewMapView.swift in Copy Source Code Files */ = {isa = PBXBuildFile; fileRef = 00B04FB4283EEBA80026C882 /* DisplayOverviewMapView.swift */; };
		0039A4EF2885C50300592C86 /* DisplaySceneView.swift in Copy Source Code Files */ = {isa = PBXBuildFile; fileRef = E004A6D828465C70002A1FE6 /* DisplaySceneView.swift */; };
		0039A4F02885C50300592C86 /* ProjectGeometryView.swift in Copy Source Code Files */ = {isa = PBXBuildFile; fileRef = E0EA0B762866390E00C9621D /* ProjectGeometryView.swift */; };
		0039A4F12885C50300592C86 /* SearchWithGeocodeView.swift in Copy Source Code Files */ = {isa = PBXBuildFile; fileRef = 00CB9137284814A4005C2C5D /* SearchWithGeocodeView.swift */; };
		0039A4F22885C50300592C86 /* SelectFeaturesInFeatureLayerView.swift in Copy Source Code Files */ = {isa = PBXBuildFile; fileRef = E004A6F5284FA42A002A1FE6 /* SelectFeaturesInFeatureLayerView.swift */; };
		0039A4F32885C50300592C86 /* SetBasemapView.swift in Copy Source Code Files */ = {isa = PBXBuildFile; fileRef = 00B042E5282EDC690072E1B4 /* SetBasemapView.swift */; };
		0039A4F42885C50300592C86 /* SetSurfacePlacementModeView.swift in Copy Source Code Files */ = {isa = PBXBuildFile; fileRef = E088E1562862579D00413100 /* SetSurfacePlacementModeView.swift */; };
		0039A4F52885C50300592C86 /* SetViewpointRotationView.swift in Copy Source Code Files */ = {isa = PBXBuildFile; fileRef = E004A6BD28414332002A1FE6 /* SetViewpointRotationView.swift */; };
		0039A4F62885C50300592C86 /* ShowCalloutView.swift in Copy Source Code Files */ = {isa = PBXBuildFile; fileRef = E004A6DF28466279002A1FE6 /* ShowCalloutView.swift */; };
		0039A4F72885C50300592C86 /* ShowDeviceLocationView.swift in Copy Source Code Files */ = {isa = PBXBuildFile; fileRef = E004A6E828493BCE002A1FE6 /* ShowDeviceLocationView.swift */; };
		0039A4F82885C50300592C86 /* ShowResultOfSpatialRelationshipsView.swift in Copy Source Code Files */ = {isa = PBXBuildFile; fileRef = E066DD3A2860CA08004D3D5B /* ShowResultOfSpatialRelationshipsView.swift */; };
		0039A4F92885C50300592C86 /* ShowResultOfSpatialOperationsView.swift in Copy Source Code Files */ = {isa = PBXBuildFile; fileRef = E004A6F2284E4FEB002A1FE6 /* ShowResultOfSpatialOperationsView.swift */; };
		0039A4FA2885C50300592C86 /* StyleGraphicsWithRendererView.swift in Copy Source Code Files */ = {isa = PBXBuildFile; fileRef = E066DD372860AB28004D3D5B /* StyleGraphicsWithRendererView.swift */; };
		0039A4FB2885C50300592C86 /* StyleGraphicsWithSymbolsView.swift in Copy Source Code Files */ = {isa = PBXBuildFile; fileRef = E004A6E52846A61F002A1FE6 /* StyleGraphicsWithSymbolsView.swift */; };
		0042E24328E4BF8F001F33D6 /* ShowViewshedFromPointInSceneView.Model.swift in Sources */ = {isa = PBXBuildFile; fileRef = 0042E24228E4BF8F001F33D6 /* ShowViewshedFromPointInSceneView.Model.swift */; };
		0042E24528E4F82C001F33D6 /* ShowViewshedFromPointInSceneView.ViewshedSettingsView.swift in Sources */ = {isa = PBXBuildFile; fileRef = 0042E24428E4F82B001F33D6 /* ShowViewshedFromPointInSceneView.ViewshedSettingsView.swift */; };
		0042E24628E50EE4001F33D6 /* ShowViewshedFromPointInSceneView.swift in Copy Source Code Files */ = {isa = PBXBuildFile; fileRef = 0086F3FD28E3770900974721 /* ShowViewshedFromPointInSceneView.swift */; };
		0042E24728E50EE4001F33D6 /* ShowViewshedFromPointInSceneView.Model.swift in Copy Source Code Files */ = {isa = PBXBuildFile; fileRef = 0042E24228E4BF8F001F33D6 /* ShowViewshedFromPointInSceneView.Model.swift */; };
		0042E24828E50EE4001F33D6 /* ShowViewshedFromPointInSceneView.ViewshedSettingsView.swift in Copy Source Code Files */ = {isa = PBXBuildFile; fileRef = 0042E24428E4F82B001F33D6 /* ShowViewshedFromPointInSceneView.ViewshedSettingsView.swift */; };
		0044289229C90C0B00160767 /* GetElevationAtPointOnSurfaceView.swift in Sources */ = {isa = PBXBuildFile; fileRef = 0044289129C90C0B00160767 /* GetElevationAtPointOnSurfaceView.swift */; };
		0044289329C9234300160767 /* GetElevationAtPointOnSurfaceView.swift in Copy Source Code Files */ = {isa = PBXBuildFile; fileRef = 0044289129C90C0B00160767 /* GetElevationAtPointOnSurfaceView.swift */; };
		0044CDDF2995C39E004618CE /* ShowDeviceLocationHistoryView.swift in Sources */ = {isa = PBXBuildFile; fileRef = 0044CDDE2995C39E004618CE /* ShowDeviceLocationHistoryView.swift */; };
		0044CDE02995D4DD004618CE /* ShowDeviceLocationHistoryView.swift in Copy Source Code Files */ = {isa = PBXBuildFile; fileRef = 0044CDDE2995C39E004618CE /* ShowDeviceLocationHistoryView.swift */; };
		006C835528B40682004AEB7F /* BrowseBuildingFloorsView.swift in Copy Source Code Files */ = {isa = PBXBuildFile; fileRef = E0FE32E628747778002C6ACA /* BrowseBuildingFloorsView.swift */; };
		006C835628B40682004AEB7F /* DisplayMapFromMobileMapPackageView.swift in Copy Source Code Files */ = {isa = PBXBuildFile; fileRef = F111CCC0288B5D5600205358 /* DisplayMapFromMobileMapPackageView.swift */; };
		0074ABBF28174BCF0037244A /* DisplayMapView.swift in Sources */ = {isa = PBXBuildFile; fileRef = 0074ABBE28174BCF0037244A /* DisplayMapView.swift */; };
		0074ABC428174F430037244A /* Sample.swift in Sources */ = {isa = PBXBuildFile; fileRef = 0074ABC128174F430037244A /* Sample.swift */; };
		0074ABCD2817BCC30037244A /* SamplesApp+Samples.swift.tache in Sources */ = {isa = PBXBuildFile; fileRef = 0074ABCA2817B8DB0037244A /* SamplesApp+Samples.swift.tache */; };
		0086F40128E3770A00974721 /* ShowViewshedFromPointInSceneView.swift in Sources */ = {isa = PBXBuildFile; fileRef = 0086F3FD28E3770900974721 /* ShowViewshedFromPointInSceneView.swift */; };
		00B04273282EC59E0072E1B4 /* AboutView.swift in Sources */ = {isa = PBXBuildFile; fileRef = 00B04272282EC59E0072E1B4 /* AboutView.swift */; };
		00B042E8282EDC690072E1B4 /* SetBasemapView.swift in Sources */ = {isa = PBXBuildFile; fileRef = 00B042E5282EDC690072E1B4 /* SetBasemapView.swift */; };
		00B04FB5283EEBA80026C882 /* DisplayOverviewMapView.swift in Sources */ = {isa = PBXBuildFile; fileRef = 00B04FB4283EEBA80026C882 /* DisplayOverviewMapView.swift */; };
		00C43AED2947DC350099AE34 /* ArcGISToolkit in Frameworks */ = {isa = PBXBuildFile; productRef = 00C43AEC2947DC350099AE34 /* ArcGISToolkit */; };
		00C94A0D28B53DE1004E42D9 /* raster-file in Resources */ = {isa = PBXBuildFile; fileRef = 00C94A0C28B53DE1004E42D9 /* raster-file */; settings = {ASSET_TAGS = (AddRasterFromFile, ); }; };
		00CB9138284814A4005C2C5D /* SearchWithGeocodeView.swift in Sources */ = {isa = PBXBuildFile; fileRef = 00CB9137284814A4005C2C5D /* SearchWithGeocodeView.swift */; };
		00CCB8A5285BAF8700BBAB70 /* OnDemandResource.swift in Sources */ = {isa = PBXBuildFile; fileRef = 00CCB8A4285BAF8700BBAB70 /* OnDemandResource.swift */; };
		00D4EF802863842100B9CC30 /* AddFeatureLayersView.swift in Sources */ = {isa = PBXBuildFile; fileRef = 00D4EF7F2863842100B9CC30 /* AddFeatureLayersView.swift */; };
		00D4EF9028638BF100B9CC30 /* LA_Trails.geodatabase in Resources */ = {isa = PBXBuildFile; fileRef = 00D4EF8228638BF100B9CC30 /* LA_Trails.geodatabase */; settings = {ASSET_TAGS = (AddFeatureLayers, ); }; };
		00D4EF9A28638BF100B9CC30 /* AuroraCO.gpkg in Resources */ = {isa = PBXBuildFile; fileRef = 00D4EF8F28638BF100B9CC30 /* AuroraCO.gpkg */; settings = {ASSET_TAGS = (AddFeatureLayers, ); }; };
		00D4EFB12863CE6300B9CC30 /* ScottishWildlifeTrust_reserves in Resources */ = {isa = PBXBuildFile; fileRef = 00D4EFB02863CE6300B9CC30 /* ScottishWildlifeTrust_reserves */; settings = {ASSET_TAGS = (AddFeatureLayers, ); }; };
		00E5401C27F3CCA200CF66D5 /* SamplesApp.swift in Sources */ = {isa = PBXBuildFile; fileRef = 00E5400C27F3CCA100CF66D5 /* SamplesApp.swift */; };
		00E5401E27F3CCA200CF66D5 /* ContentView.swift in Sources */ = {isa = PBXBuildFile; fileRef = 00E5400D27F3CCA100CF66D5 /* ContentView.swift */; };
		00E5402027F3CCA200CF66D5 /* Assets.xcassets in Resources */ = {isa = PBXBuildFile; fileRef = 00E5400E27F3CCA200CF66D5 /* Assets.xcassets */; };
		1C0C1C3929D34DAE005C8B24 /* ChangeViewpointView.swift in Sources */ = {isa = PBXBuildFile; fileRef = 1C0C1C3429D34DAE005C8B24 /* ChangeViewpointView.swift */; };
		1C0C1C3D29D34DDD005C8B24 /* ChangeViewpointView.swift in Copy Source Code Files */ = {isa = PBXBuildFile; fileRef = 1C0C1C3429D34DAE005C8B24 /* ChangeViewpointView.swift */; };
		1C42E04729D2396B004FC4BE /* ShowPopupView.swift in Sources */ = {isa = PBXBuildFile; fileRef = 1C42E04329D2396B004FC4BE /* ShowPopupView.swift */; };
		1C42E04A29D239D2004FC4BE /* ShowPopupView.swift in Copy Source Code Files */ = {isa = PBXBuildFile; fileRef = 1C42E04329D2396B004FC4BE /* ShowPopupView.swift */; };
		218F35B829C28F4A00502022 /* AuthenticateWithOAuthView.swift in Sources */ = {isa = PBXBuildFile; fileRef = 218F35B329C28F4A00502022 /* AuthenticateWithOAuthView.swift */; };
		218F35C229C290BF00502022 /* AuthenticateWithOAuthView.swift in Copy Source Code Files */ = {isa = PBXBuildFile; fileRef = 218F35B329C28F4A00502022 /* AuthenticateWithOAuthView.swift */; };
		4D2ADC4329C26D05003B367F /* AddDynamicEntityLayerView.swift in Sources */ = {isa = PBXBuildFile; fileRef = 4D2ADC3F29C26D05003B367F /* AddDynamicEntityLayerView.swift */; };
		4D2ADC4729C26D2C003B367F /* AddDynamicEntityLayerView.swift in Copy Source Code Files */ = {isa = PBXBuildFile; fileRef = 4D2ADC3F29C26D05003B367F /* AddDynamicEntityLayerView.swift */; };
		4D2ADC5A29C4F612003B367F /* ChangeMapViewBackgroundView.swift in Sources */ = {isa = PBXBuildFile; fileRef = 4D2ADC5529C4F612003B367F /* ChangeMapViewBackgroundView.swift */; };
		4D2ADC5D29C4F612003B367F /* ChangeMapViewBackgroundView.SettingsView.swift in Sources */ = {isa = PBXBuildFile; fileRef = 4D2ADC5829C4F612003B367F /* ChangeMapViewBackgroundView.SettingsView.swift */; };
		4D2ADC6229C5071C003B367F /* ChangeMapViewBackgroundView.Model.swift in Sources */ = {isa = PBXBuildFile; fileRef = 4D2ADC6129C5071C003B367F /* ChangeMapViewBackgroundView.Model.swift */; };
		4D2ADC6729C50BD6003B367F /* AddDynamicEntityLayerView.Model.swift in Sources */ = {isa = PBXBuildFile; fileRef = 4D2ADC6629C50BD6003B367F /* AddDynamicEntityLayerView.Model.swift */; };
		4D2ADC6929C50C4C003B367F /* AddDynamicEntityLayerView.SettingsView.swift in Sources */ = {isa = PBXBuildFile; fileRef = 4D2ADC6829C50C4C003B367F /* AddDynamicEntityLayerView.SettingsView.swift */; };
		4D2ADC6A29C50D91003B367F /* AddDynamicEntityLayerView.Model.swift in Copy Source Code Files */ = {isa = PBXBuildFile; fileRef = 4D2ADC6629C50BD6003B367F /* AddDynamicEntityLayerView.Model.swift */; };
		4D2ADC6B29C50D91003B367F /* AddDynamicEntityLayerView.SettingsView.swift in Copy Source Code Files */ = {isa = PBXBuildFile; fileRef = 4D2ADC6829C50C4C003B367F /* AddDynamicEntityLayerView.SettingsView.swift */; };
		75DD736729D35FF40010229D /* ChangeMapViewBackgroundView.swift in Copy Source Code Files */ = {isa = PBXBuildFile; fileRef = 4D2ADC5529C4F612003B367F /* ChangeMapViewBackgroundView.swift */; };
		75DD736829D35FF40010229D /* ChangeMapViewBackgroundView.SettingsView.swift in Copy Source Code Files */ = {isa = PBXBuildFile; fileRef = 4D2ADC5829C4F612003B367F /* ChangeMapViewBackgroundView.SettingsView.swift */; };
		75DD736929D35FF40010229D /* ChangeMapViewBackgroundView.Model.swift in Copy Source Code Files */ = {isa = PBXBuildFile; fileRef = 4D2ADC6129C5071C003B367F /* ChangeMapViewBackgroundView.Model.swift */; };
		75DD73B929D4C8900010229D /* TraceUtilityNetworkView.Model.swift in Sources */ = {isa = PBXBuildFile; fileRef = 75DD73B229D4C8900010229D /* TraceUtilityNetworkView.Model.swift */; };
		75DD73BB29D4C8900010229D /* TraceUtilityNetworkView.Enums.swift in Sources */ = {isa = PBXBuildFile; fileRef = 75DD73B429D4C8900010229D /* TraceUtilityNetworkView.Enums.swift */; };
		75DD73BD29D4C8910010229D /* TraceUtilityNetworkView.Views.swift in Sources */ = {isa = PBXBuildFile; fileRef = 75DD73B629D4C8900010229D /* TraceUtilityNetworkView.Views.swift */; };
		75DD73BE29D4C8910010229D /* TraceUtilityNetworkView.swift in Sources */ = {isa = PBXBuildFile; fileRef = 75DD73B729D4C8900010229D /* TraceUtilityNetworkView.swift */; };
		75DD73C029D4C8BA0010229D /* TraceUtilityNetworkView.Model.swift in Copy Source Code Files */ = {isa = PBXBuildFile; fileRef = 75DD73B229D4C8900010229D /* TraceUtilityNetworkView.Model.swift */; };
		75DD73C129D4C8BA0010229D /* TraceUtilityNetworkView.Enums.swift in Copy Source Code Files */ = {isa = PBXBuildFile; fileRef = 75DD73B429D4C8900010229D /* TraceUtilityNetworkView.Enums.swift */; };
		75DD73C229D4C8BA0010229D /* TraceUtilityNetworkView.Views.swift in Copy Source Code Files */ = {isa = PBXBuildFile; fileRef = 75DD73B629D4C8900010229D /* TraceUtilityNetworkView.Views.swift */; };
		75DD73C329D4C8BA0010229D /* TraceUtilityNetworkView.swift in Copy Source Code Files */ = {isa = PBXBuildFile; fileRef = 75DD73B729D4C8900010229D /* TraceUtilityNetworkView.swift */; };
		75DD739529D38B1B0010229D /* NavigateRouteView.swift in Sources */ = {isa = PBXBuildFile; fileRef = 75DD739129D38B1B0010229D /* NavigateRouteView.swift */; };
		75DD739929D38B420010229D /* NavigateRouteView.swift in Copy Source Code Files */ = {isa = PBXBuildFile; fileRef = 75DD739129D38B1B0010229D /* NavigateRouteView.swift */; };
		883C121529C9136600062FF9 /* DownloadPreplannedMapAreaView.MapPicker.swift in Sources */ = {isa = PBXBuildFile; fileRef = 883C121429C9136600062FF9 /* DownloadPreplannedMapAreaView.MapPicker.swift */; };
		883C121729C914E100062FF9 /* DownloadPreplannedMapAreaView.MapPicker.swift in Copy Source Code Files */ = {isa = PBXBuildFile; fileRef = 883C121429C9136600062FF9 /* DownloadPreplannedMapAreaView.MapPicker.swift */; };
		883C121829C914E100062FF9 /* DownloadPreplannedMapAreaView.Model.swift in Copy Source Code Files */ = {isa = PBXBuildFile; fileRef = E0D04FF128A5390000747989 /* DownloadPreplannedMapAreaView.Model.swift */; };
		883C121929C914E100062FF9 /* DownloadPreplannedMapAreaView.swift in Copy Source Code Files */ = {isa = PBXBuildFile; fileRef = E070A0A2286F3B6000F2B606 /* DownloadPreplannedMapAreaView.swift */; };
		88F93CC129C3D59D0006B28E /* SketchOnMapView.swift in Sources */ = {isa = PBXBuildFile; fileRef = 88F93CC029C3D59C0006B28E /* SketchOnMapView.swift */; };
		88F93CC229C4D3480006B28E /* SketchOnMapView.swift in Copy Source Code Files */ = {isa = PBXBuildFile; fileRef = 88F93CC029C3D59C0006B28E /* SketchOnMapView.swift */; };
		E000E7602869E33D005D87C5 /* ClipGeometryView.swift in Sources */ = {isa = PBXBuildFile; fileRef = E000E75F2869E33D005D87C5 /* ClipGeometryView.swift */; };
		E000E763286A0B18005D87C5 /* CutGeometryView.swift in Sources */ = {isa = PBXBuildFile; fileRef = E000E762286A0B18005D87C5 /* CutGeometryView.swift */; };
		E004A6C128414332002A1FE6 /* SetViewpointRotationView.swift in Sources */ = {isa = PBXBuildFile; fileRef = E004A6BD28414332002A1FE6 /* SetViewpointRotationView.swift */; };
		E004A6DC28465C70002A1FE6 /* DisplaySceneView.swift in Sources */ = {isa = PBXBuildFile; fileRef = E004A6D828465C70002A1FE6 /* DisplaySceneView.swift */; };
		E004A6E028466279002A1FE6 /* ShowCalloutView.swift in Sources */ = {isa = PBXBuildFile; fileRef = E004A6DF28466279002A1FE6 /* ShowCalloutView.swift */; };
		E004A6E62846A61F002A1FE6 /* StyleGraphicsWithSymbolsView.swift in Sources */ = {isa = PBXBuildFile; fileRef = E004A6E52846A61F002A1FE6 /* StyleGraphicsWithSymbolsView.swift */; };
		E004A6E928493BCE002A1FE6 /* ShowDeviceLocationView.swift in Sources */ = {isa = PBXBuildFile; fileRef = E004A6E828493BCE002A1FE6 /* ShowDeviceLocationView.swift */; };
		E004A6ED2849556E002A1FE6 /* CreatePlanarAndGeodeticBuffersView.swift in Sources */ = {isa = PBXBuildFile; fileRef = E004A6EC2849556E002A1FE6 /* CreatePlanarAndGeodeticBuffersView.swift */; };
		E004A6F0284E4B9B002A1FE6 /* DownloadVectorTilesToLocalCacheView.swift in Sources */ = {isa = PBXBuildFile; fileRef = E004A6EF284E4B9B002A1FE6 /* DownloadVectorTilesToLocalCacheView.swift */; };
		E004A6F3284E4FEB002A1FE6 /* ShowResultOfSpatialOperationsView.swift in Sources */ = {isa = PBXBuildFile; fileRef = E004A6F2284E4FEB002A1FE6 /* ShowResultOfSpatialOperationsView.swift */; };
		E004A6F6284FA42A002A1FE6 /* SelectFeaturesInFeatureLayerView.swift in Sources */ = {isa = PBXBuildFile; fileRef = E004A6F5284FA42A002A1FE6 /* SelectFeaturesInFeatureLayerView.swift */; };
		E0082217287755AC002AD138 /* View+Sheet.swift in Sources */ = {isa = PBXBuildFile; fileRef = E0082216287755AC002AD138 /* View+Sheet.swift */; };
		E03CB0692888944D002B27D9 /* GenerateOfflineMapView.swift in Copy Source Code Files */ = {isa = PBXBuildFile; fileRef = E088E1732863B5F800413100 /* GenerateOfflineMapView.swift */; };
		E03CB06A288894C4002B27D9 /* FindRouteView.swift in Copy Source Code Files */ = {isa = PBXBuildFile; fileRef = E066DD34285CF3B3004D3D5B /* FindRouteView.swift */; };
		E03CB06B2889879D002B27D9 /* DownloadVectorTilesToLocalCacheView.swift in Copy Source Code Files */ = {isa = PBXBuildFile; fileRef = E004A6EF284E4B9B002A1FE6 /* DownloadVectorTilesToLocalCacheView.swift */; };
		E041ABC0287CA9F00056009B /* WebView.swift in Sources */ = {isa = PBXBuildFile; fileRef = E041ABBF287CA9F00056009B /* WebView.swift */; };
		E041ABD7287DB04D0056009B /* SampleInfoView.swift in Sources */ = {isa = PBXBuildFile; fileRef = E041ABD6287DB04D0056009B /* SampleInfoView.swift */; };
		E041AC1A287F54580056009B /* highlight.min.js in Resources */ = {isa = PBXBuildFile; fileRef = E041AC15287F54580056009B /* highlight.min.js */; };
		E041AC1E288076A60056009B /* info.css in Resources */ = {isa = PBXBuildFile; fileRef = E041AC1D288076A60056009B /* info.css */; };
		E041AC20288077B90056009B /* xcode.css in Resources */ = {isa = PBXBuildFile; fileRef = E041AC1F288077B90056009B /* xcode.css */; };
		E066DD35285CF3B3004D3D5B /* FindRouteView.swift in Sources */ = {isa = PBXBuildFile; fileRef = E066DD34285CF3B3004D3D5B /* FindRouteView.swift */; };
		E066DD382860AB28004D3D5B /* StyleGraphicsWithRendererView.swift in Sources */ = {isa = PBXBuildFile; fileRef = E066DD372860AB28004D3D5B /* StyleGraphicsWithRendererView.swift */; };
		E066DD3B2860CA08004D3D5B /* ShowResultOfSpatialRelationshipsView.swift in Sources */ = {isa = PBXBuildFile; fileRef = E066DD3A2860CA08004D3D5B /* ShowResultOfSpatialRelationshipsView.swift */; };
		E066DD4028610F55004D3D5B /* AddSceneLayerFromServiceView.swift in Sources */ = {isa = PBXBuildFile; fileRef = E066DD3F28610F55004D3D5B /* AddSceneLayerFromServiceView.swift */; };
		E070A0A3286F3B6000F2B606 /* DownloadPreplannedMapAreaView.swift in Sources */ = {isa = PBXBuildFile; fileRef = E070A0A2286F3B6000F2B606 /* DownloadPreplannedMapAreaView.swift */; };
		E088E1572862579D00413100 /* SetSurfacePlacementModeView.swift in Sources */ = {isa = PBXBuildFile; fileRef = E088E1562862579D00413100 /* SetSurfacePlacementModeView.swift */; };
		E088E1742863B5F800413100 /* GenerateOfflineMapView.swift in Sources */ = {isa = PBXBuildFile; fileRef = E088E1732863B5F800413100 /* GenerateOfflineMapView.swift */; };
		E08953F12891899600E077CF /* EnvironmentValues+SampleInfoVisibility.swift in Sources */ = {isa = PBXBuildFile; fileRef = E08953F02891899600E077CF /* EnvironmentValues+SampleInfoVisibility.swift */; };
		E0A1AEE328874590003C797D /* AddFeatureLayersView.swift in Copy Source Code Files */ = {isa = PBXBuildFile; fileRef = 00D4EF7F2863842100B9CC30 /* AddFeatureLayersView.swift */; };
		E0D04FF228A5390000747989 /* DownloadPreplannedMapAreaView.Model.swift in Sources */ = {isa = PBXBuildFile; fileRef = E0D04FF128A5390000747989 /* DownloadPreplannedMapAreaView.Model.swift */; };
		E0EA0B772866390E00C9621D /* ProjectGeometryView.swift in Sources */ = {isa = PBXBuildFile; fileRef = E0EA0B762866390E00C9621D /* ProjectGeometryView.swift */; };
		E0FE32E728747778002C6ACA /* BrowseBuildingFloorsView.swift in Sources */ = {isa = PBXBuildFile; fileRef = E0FE32E628747778002C6ACA /* BrowseBuildingFloorsView.swift */; };
		F111CCC1288B5D5600205358 /* DisplayMapFromMobileMapPackageView.swift in Sources */ = {isa = PBXBuildFile; fileRef = F111CCC0288B5D5600205358 /* DisplayMapFromMobileMapPackageView.swift */; };
		F111CCC4288B641900205358 /* Yellowstone.mmpk in Resources */ = {isa = PBXBuildFile; fileRef = F111CCC3288B641900205358 /* Yellowstone.mmpk */; settings = {ASSET_TAGS = (DisplayMapFromMobileMapPackage, ); }; };
		F1E71BF1289473760064C33F /* AddRasterFromFileView.swift in Sources */ = {isa = PBXBuildFile; fileRef = F1E71BF0289473760064C33F /* AddRasterFromFileView.swift */; };
		F1E71BFA28A479C70064C33F /* AddRasterFromFileView.swift in Copy Source Code Files */ = {isa = PBXBuildFile; fileRef = F1E71BF0289473760064C33F /* AddRasterFromFileView.swift */; };
/* End PBXBuildFile section */

/* Begin PBXBuildRule section */
		0074ABCC2817B8E60037244A /* PBXBuildRule */ = {
			isa = PBXBuildRule;
			compilerSpec = com.apple.compilers.proxy.script;
			filePatterns = "*.tache";
			fileType = pattern.proxy;
			inputFiles = (
				"$(SRCROOT)/Shared/Samples/",
			);
			isEditable = 1;
			name = "Generate Sample Initializers from Source Code Files";
			outputFiles = (
				"$(DERIVED_FILE_DIR)/$(INPUT_FILE_BASE)",
			);
			runOncePerArchitecture = 0;
			script = "xcrun --sdk macosx swift \"${SRCROOT}/Scripts/GenerateSampleViewSourceCode.swift\" \"${SCRIPT_INPUT_FILE_0}\" \"${INPUT_FILE_PATH}\" \"${SCRIPT_OUTPUT_FILE_0}\" \n";
		};
		0083586F27FE3BCF00192A15 /* PBXBuildRule */ = {
			isa = PBXBuildRule;
			compilerSpec = com.apple.compilers.proxy.script;
			filePatterns = "*.masque";
			fileType = pattern.proxy;
			inputFiles = (
				"$(SRCROOT)/.secrets",
			);
			isEditable = 1;
			name = "Generate Swift Code from Secrets";
			outputFiles = (
				"$(DERIVED_FILE_DIR)/$(INPUT_FILE_BASE)",
			);
			runOncePerArchitecture = 0;
			script = "\"${SRCROOT}/Scripts/masquerade\" -i \"${INPUT_FILE_PATH}\" -o \"${SCRIPT_OUTPUT_FILE_0}\" -s \"${SCRIPT_INPUT_FILE_0}\" -f\n";
		};
/* End PBXBuildRule section */

/* Begin PBXCopyFilesBuildPhase section */
		00144B5E280634840090DD5D /* Embed Frameworks */ = {
			isa = PBXCopyFilesBuildPhase;
			buildActionMask = 2147483647;
			dstPath = "";
			dstSubfolderSpec = 10;
			files = (
			);
			name = "Embed Frameworks";
			runOnlyForDeploymentPostprocessing = 0;
		};
		0039A4E82885C4E300592C86 /* Copy Source Code Files */ = {
			isa = PBXCopyFilesBuildPhase;
			buildActionMask = 2147483647;
			dstPath = "";
			dstSubfolderSpec = 7;
			files = (
				883C121729C914E100062FF9 /* DownloadPreplannedMapAreaView.MapPicker.swift in Copy Source Code Files */,
				883C121829C914E100062FF9 /* DownloadPreplannedMapAreaView.Model.swift in Copy Source Code Files */,
				883C121929C914E100062FF9 /* DownloadPreplannedMapAreaView.swift in Copy Source Code Files */,
				1C0C1C3D29D34DDD005C8B24 /* ChangeViewpointView.swift in Copy Source Code Files */,
				1C42E04A29D239D2004FC4BE /* ShowPopupView.swift in Copy Source Code Files */,
				88F93CC229C4D3480006B28E /* SketchOnMapView.swift in Copy Source Code Files */,
				0044289329C9234300160767 /* GetElevationAtPointOnSurfaceView.swift in Copy Source Code Files */,
				4D2ADC6A29C50D91003B367F /* AddDynamicEntityLayerView.Model.swift in Copy Source Code Files */,
				4D2ADC6B29C50D91003B367F /* AddDynamicEntityLayerView.SettingsView.swift in Copy Source Code Files */,
				4D2ADC4729C26D2C003B367F /* AddDynamicEntityLayerView.swift in Copy Source Code Files */,
				218F35C229C290BF00502022 /* AuthenticateWithOAuthView.swift in Copy Source Code Files */,
				0044CDE02995D4DD004618CE /* ShowDeviceLocationHistoryView.swift in Copy Source Code Files */,
				0042E24628E50EE4001F33D6 /* ShowViewshedFromPointInSceneView.swift in Copy Source Code Files */,
				0042E24728E50EE4001F33D6 /* ShowViewshedFromPointInSceneView.Model.swift in Copy Source Code Files */,
				0042E24828E50EE4001F33D6 /* ShowViewshedFromPointInSceneView.ViewshedSettingsView.swift in Copy Source Code Files */,
				006C835528B40682004AEB7F /* BrowseBuildingFloorsView.swift in Copy Source Code Files */,
				006C835628B40682004AEB7F /* DisplayMapFromMobileMapPackageView.swift in Copy Source Code Files */,
				F1E71BFA28A479C70064C33F /* AddRasterFromFileView.swift in Copy Source Code Files */,
				0039A4E92885C50300592C86 /* AddSceneLayerFromServiceView.swift in Copy Source Code Files */,
				75DD736729D35FF40010229D /* ChangeMapViewBackgroundView.swift in Copy Source Code Files */,
				75DD736829D35FF40010229D /* ChangeMapViewBackgroundView.SettingsView.swift in Copy Source Code Files */,
				75DD736929D35FF40010229D /* ChangeMapViewBackgroundView.Model.swift in Copy Source Code Files */,
				0039A4EA2885C50300592C86 /* ClipGeometryView.swift in Copy Source Code Files */,
				0039A4EB2885C50300592C86 /* CreatePlanarAndGeodeticBuffersView.swift in Copy Source Code Files */,
				0039A4EC2885C50300592C86 /* CutGeometryView.swift in Copy Source Code Files */,
				E0A1AEE328874590003C797D /* AddFeatureLayersView.swift in Copy Source Code Files */,
				0039A4ED2885C50300592C86 /* DisplayMapView.swift in Copy Source Code Files */,
				0039A4EE2885C50300592C86 /* DisplayOverviewMapView.swift in Copy Source Code Files */,
				0039A4EF2885C50300592C86 /* DisplaySceneView.swift in Copy Source Code Files */,
				E03CB06B2889879D002B27D9 /* DownloadVectorTilesToLocalCacheView.swift in Copy Source Code Files */,
				E03CB06A288894C4002B27D9 /* FindRouteView.swift in Copy Source Code Files */,
				E03CB0692888944D002B27D9 /* GenerateOfflineMapView.swift in Copy Source Code Files */,
				75DD739929D38B420010229D /* NavigateRouteView.swift in Copy Source Code Files */,
				0039A4F02885C50300592C86 /* ProjectGeometryView.swift in Copy Source Code Files */,
				0039A4F12885C50300592C86 /* SearchWithGeocodeView.swift in Copy Source Code Files */,
				0039A4F22885C50300592C86 /* SelectFeaturesInFeatureLayerView.swift in Copy Source Code Files */,
				0039A4F32885C50300592C86 /* SetBasemapView.swift in Copy Source Code Files */,
				0039A4F42885C50300592C86 /* SetSurfacePlacementModeView.swift in Copy Source Code Files */,
				0039A4F52885C50300592C86 /* SetViewpointRotationView.swift in Copy Source Code Files */,
				0039A4F62885C50300592C86 /* ShowCalloutView.swift in Copy Source Code Files */,
				0039A4F72885C50300592C86 /* ShowDeviceLocationView.swift in Copy Source Code Files */,
				0039A4F82885C50300592C86 /* ShowResultOfSpatialRelationshipsView.swift in Copy Source Code Files */,
				0039A4F92885C50300592C86 /* ShowResultOfSpatialOperationsView.swift in Copy Source Code Files */,
				0039A4FA2885C50300592C86 /* StyleGraphicsWithRendererView.swift in Copy Source Code Files */,
				0039A4FB2885C50300592C86 /* StyleGraphicsWithSymbolsView.swift in Copy Source Code Files */,
				75DD73C029D4C8BA0010229D /* TraceUtilityNetworkView.Model.swift in Copy Source Code Files */,
				75DD73C129D4C8BA0010229D /* TraceUtilityNetworkView.Enums.swift in Copy Source Code Files */,
				75DD73C229D4C8BA0010229D /* TraceUtilityNetworkView.Views.swift in Copy Source Code Files */,
				75DD73C329D4C8BA0010229D /* TraceUtilityNetworkView.swift in Copy Source Code Files */,
			);
			name = "Copy Source Code Files";
			runOnlyForDeploymentPostprocessing = 0;
		};
/* End PBXCopyFilesBuildPhase section */

/* Begin PBXFileReference section */
		000558092817C51E00224BC6 /* SampleDetailView.swift */ = {isa = PBXFileReference; lastKnownFileType = sourcecode.swift; path = SampleDetailView.swift; sourceTree = "<group>"; };
		0005580B28185C0600224BC6 /* SampleList.swift */ = {isa = PBXFileReference; lastKnownFileType = sourcecode.swift; path = SampleList.swift; sourceTree = "<group>"; };
		00181B452846AD7100654571 /* View+Alert.swift */ = {isa = PBXFileReference; lastKnownFileType = sourcecode.swift; path = "View+Alert.swift"; sourceTree = "<group>"; };
		001C6DD827FE585A00D472C2 /* AppSecrets.swift.masque */ = {isa = PBXFileReference; fileEncoding = 4; lastKnownFileType = text; path = AppSecrets.swift.masque; sourceTree = "<group>"; };
		003D7C342821EBCC009DDFD2 /* masquerade */ = {isa = PBXFileReference; lastKnownFileType = text; path = masquerade; sourceTree = "<group>"; };
		003D7C352821EBCC009DDFD2 /* GenerateSampleViewSourceCode.swift */ = {isa = PBXFileReference; lastKnownFileType = sourcecode.swift; path = GenerateSampleViewSourceCode.swift; sourceTree = "<group>"; };
		0042E24228E4BF8F001F33D6 /* ShowViewshedFromPointInSceneView.Model.swift */ = {isa = PBXFileReference; lastKnownFileType = sourcecode.swift; path = ShowViewshedFromPointInSceneView.Model.swift; sourceTree = "<group>"; };
		0042E24428E4F82B001F33D6 /* ShowViewshedFromPointInSceneView.ViewshedSettingsView.swift */ = {isa = PBXFileReference; lastKnownFileType = sourcecode.swift; path = ShowViewshedFromPointInSceneView.ViewshedSettingsView.swift; sourceTree = "<group>"; };
		0044289129C90C0B00160767 /* GetElevationAtPointOnSurfaceView.swift */ = {isa = PBXFileReference; lastKnownFileType = sourcecode.swift; path = GetElevationAtPointOnSurfaceView.swift; sourceTree = "<group>"; };
		0044CDDE2995C39E004618CE /* ShowDeviceLocationHistoryView.swift */ = {isa = PBXFileReference; lastKnownFileType = sourcecode.swift; path = ShowDeviceLocationHistoryView.swift; sourceTree = "<group>"; };
		0074ABBE28174BCF0037244A /* DisplayMapView.swift */ = {isa = PBXFileReference; lastKnownFileType = sourcecode.swift; path = DisplayMapView.swift; sourceTree = "<group>"; };
		0074ABC128174F430037244A /* Sample.swift */ = {isa = PBXFileReference; fileEncoding = 4; lastKnownFileType = sourcecode.swift; path = Sample.swift; sourceTree = "<group>"; };
		0074ABCA2817B8DB0037244A /* SamplesApp+Samples.swift.tache */ = {isa = PBXFileReference; fileEncoding = 4; lastKnownFileType = text; path = "SamplesApp+Samples.swift.tache"; sourceTree = "<group>"; };
		0086F3FD28E3770900974721 /* ShowViewshedFromPointInSceneView.swift */ = {isa = PBXFileReference; fileEncoding = 4; lastKnownFileType = sourcecode.swift; path = ShowViewshedFromPointInSceneView.swift; sourceTree = "<group>"; };
		00ACF554293E6C6A0059B2A9 /* Samples.entitlements */ = {isa = PBXFileReference; lastKnownFileType = text.plist.entitlements; path = Samples.entitlements; sourceTree = "<group>"; };
		00B04272282EC59E0072E1B4 /* AboutView.swift */ = {isa = PBXFileReference; fileEncoding = 4; lastKnownFileType = sourcecode.swift; path = AboutView.swift; sourceTree = "<group>"; };
		00B042E5282EDC690072E1B4 /* SetBasemapView.swift */ = {isa = PBXFileReference; fileEncoding = 4; lastKnownFileType = sourcecode.swift; path = SetBasemapView.swift; sourceTree = "<group>"; };
		00B04FB4283EEBA80026C882 /* DisplayOverviewMapView.swift */ = {isa = PBXFileReference; lastKnownFileType = sourcecode.swift; path = DisplayOverviewMapView.swift; sourceTree = "<group>"; };
		00C94A0C28B53DE1004E42D9 /* raster-file */ = {isa = PBXFileReference; lastKnownFileType = folder; path = "raster-file"; sourceTree = "<group>"; };
		00CB9137284814A4005C2C5D /* SearchWithGeocodeView.swift */ = {isa = PBXFileReference; lastKnownFileType = sourcecode.swift; path = SearchWithGeocodeView.swift; sourceTree = "<group>"; };
		00CCB8A2285AAD7D00BBAB70 /* DowloadPortalItemData.swift */ = {isa = PBXFileReference; lastKnownFileType = sourcecode.swift; path = DowloadPortalItemData.swift; sourceTree = "<group>"; };
		00CCB8A4285BAF8700BBAB70 /* OnDemandResource.swift */ = {isa = PBXFileReference; lastKnownFileType = sourcecode.swift; path = OnDemandResource.swift; sourceTree = "<group>"; };
		00D4EF7F2863842100B9CC30 /* AddFeatureLayersView.swift */ = {isa = PBXFileReference; lastKnownFileType = sourcecode.swift; path = AddFeatureLayersView.swift; sourceTree = "<group>"; };
		00D4EF8228638BF100B9CC30 /* LA_Trails.geodatabase */ = {isa = PBXFileReference; lastKnownFileType = file; path = LA_Trails.geodatabase; sourceTree = "<group>"; };
		00D4EF8F28638BF100B9CC30 /* AuroraCO.gpkg */ = {isa = PBXFileReference; lastKnownFileType = file; path = AuroraCO.gpkg; sourceTree = "<group>"; };
		00D4EFB02863CE6300B9CC30 /* ScottishWildlifeTrust_reserves */ = {isa = PBXFileReference; lastKnownFileType = folder; path = ScottishWildlifeTrust_reserves; sourceTree = "<group>"; };
		00E5400C27F3CCA100CF66D5 /* SamplesApp.swift */ = {isa = PBXFileReference; lastKnownFileType = sourcecode.swift; path = SamplesApp.swift; sourceTree = "<group>"; };
		00E5400D27F3CCA100CF66D5 /* ContentView.swift */ = {isa = PBXFileReference; lastKnownFileType = sourcecode.swift; path = ContentView.swift; sourceTree = "<group>"; };
		00E5400E27F3CCA200CF66D5 /* Assets.xcassets */ = {isa = PBXFileReference; lastKnownFileType = folder.assetcatalog; path = Assets.xcassets; sourceTree = "<group>"; };
		00E5401327F3CCA200CF66D5 /* Samples.app */ = {isa = PBXFileReference; explicitFileType = wrapper.application; includeInIndex = 0; path = Samples.app; sourceTree = BUILT_PRODUCTS_DIR; };
		00E5402A27F775EA00CF66D5 /* Info.plist */ = {isa = PBXFileReference; lastKnownFileType = text.plist.xml; path = Info.plist; sourceTree = "<group>"; };
		1C0C1C3429D34DAE005C8B24 /* ChangeViewpointView.swift */ = {isa = PBXFileReference; fileEncoding = 4; lastKnownFileType = sourcecode.swift; path = ChangeViewpointView.swift; sourceTree = "<group>"; };
		1C42E04329D2396B004FC4BE /* ShowPopupView.swift */ = {isa = PBXFileReference; fileEncoding = 4; lastKnownFileType = sourcecode.swift; path = ShowPopupView.swift; sourceTree = "<group>"; };
		218F35B329C28F4A00502022 /* AuthenticateWithOAuthView.swift */ = {isa = PBXFileReference; fileEncoding = 4; lastKnownFileType = sourcecode.swift; path = AuthenticateWithOAuthView.swift; sourceTree = "<group>"; };
		4D2ADC3F29C26D05003B367F /* AddDynamicEntityLayerView.swift */ = {isa = PBXFileReference; fileEncoding = 4; lastKnownFileType = sourcecode.swift; path = AddDynamicEntityLayerView.swift; sourceTree = "<group>"; };
		4D2ADC5529C4F612003B367F /* ChangeMapViewBackgroundView.swift */ = {isa = PBXFileReference; fileEncoding = 4; lastKnownFileType = sourcecode.swift; path = ChangeMapViewBackgroundView.swift; sourceTree = "<group>"; };
		4D2ADC5829C4F612003B367F /* ChangeMapViewBackgroundView.SettingsView.swift */ = {isa = PBXFileReference; fileEncoding = 4; lastKnownFileType = sourcecode.swift; path = ChangeMapViewBackgroundView.SettingsView.swift; sourceTree = "<group>"; };
		4D2ADC6129C5071C003B367F /* ChangeMapViewBackgroundView.Model.swift */ = {isa = PBXFileReference; lastKnownFileType = sourcecode.swift; path = ChangeMapViewBackgroundView.Model.swift; sourceTree = "<group>"; };
		4D2ADC6629C50BD6003B367F /* AddDynamicEntityLayerView.Model.swift */ = {isa = PBXFileReference; lastKnownFileType = sourcecode.swift; path = AddDynamicEntityLayerView.Model.swift; sourceTree = "<group>"; };
		4D2ADC6829C50C4C003B367F /* AddDynamicEntityLayerView.SettingsView.swift */ = {isa = PBXFileReference; lastKnownFileType = sourcecode.swift; path = AddDynamicEntityLayerView.SettingsView.swift; sourceTree = "<group>"; };
		75DD73B229D4C8900010229D /* TraceUtilityNetworkView.Model.swift */ = {isa = PBXFileReference; fileEncoding = 4; lastKnownFileType = sourcecode.swift; path = TraceUtilityNetworkView.Model.swift; sourceTree = "<group>"; };
		75DD73B429D4C8900010229D /* TraceUtilityNetworkView.Enums.swift */ = {isa = PBXFileReference; fileEncoding = 4; lastKnownFileType = sourcecode.swift; path = TraceUtilityNetworkView.Enums.swift; sourceTree = "<group>"; };
		75DD73B629D4C8900010229D /* TraceUtilityNetworkView.Views.swift */ = {isa = PBXFileReference; fileEncoding = 4; lastKnownFileType = sourcecode.swift; path = TraceUtilityNetworkView.Views.swift; sourceTree = "<group>"; };
		75DD73B729D4C8900010229D /* TraceUtilityNetworkView.swift */ = {isa = PBXFileReference; fileEncoding = 4; lastKnownFileType = sourcecode.swift; path = TraceUtilityNetworkView.swift; sourceTree = "<group>"; };
		75DD739129D38B1B0010229D /* NavigateRouteView.swift */ = {isa = PBXFileReference; fileEncoding = 4; lastKnownFileType = sourcecode.swift; path = NavigateRouteView.swift; sourceTree = "<group>"; };
		883C121429C9136600062FF9 /* DownloadPreplannedMapAreaView.MapPicker.swift */ = {isa = PBXFileReference; fileEncoding = 4; lastKnownFileType = sourcecode.swift; path = DownloadPreplannedMapAreaView.MapPicker.swift; sourceTree = "<group>"; };
		88F93CC029C3D59C0006B28E /* SketchOnMapView.swift */ = {isa = PBXFileReference; lastKnownFileType = sourcecode.swift; path = SketchOnMapView.swift; sourceTree = "<group>"; };
		E000E75F2869E33D005D87C5 /* ClipGeometryView.swift */ = {isa = PBXFileReference; lastKnownFileType = sourcecode.swift; path = ClipGeometryView.swift; sourceTree = "<group>"; };
		E000E762286A0B18005D87C5 /* CutGeometryView.swift */ = {isa = PBXFileReference; lastKnownFileType = sourcecode.swift; path = CutGeometryView.swift; sourceTree = "<group>"; };
		E004A6BD28414332002A1FE6 /* SetViewpointRotationView.swift */ = {isa = PBXFileReference; fileEncoding = 4; lastKnownFileType = sourcecode.swift; path = SetViewpointRotationView.swift; sourceTree = "<group>"; };
		E004A6D828465C70002A1FE6 /* DisplaySceneView.swift */ = {isa = PBXFileReference; fileEncoding = 4; lastKnownFileType = sourcecode.swift; path = DisplaySceneView.swift; sourceTree = "<group>"; };
		E004A6DF28466279002A1FE6 /* ShowCalloutView.swift */ = {isa = PBXFileReference; lastKnownFileType = sourcecode.swift; path = ShowCalloutView.swift; sourceTree = "<group>"; };
		E004A6E52846A61F002A1FE6 /* StyleGraphicsWithSymbolsView.swift */ = {isa = PBXFileReference; lastKnownFileType = sourcecode.swift; path = StyleGraphicsWithSymbolsView.swift; sourceTree = "<group>"; };
		E004A6E828493BCE002A1FE6 /* ShowDeviceLocationView.swift */ = {isa = PBXFileReference; lastKnownFileType = sourcecode.swift; path = ShowDeviceLocationView.swift; sourceTree = "<group>"; };
		E004A6EC2849556E002A1FE6 /* CreatePlanarAndGeodeticBuffersView.swift */ = {isa = PBXFileReference; lastKnownFileType = sourcecode.swift; path = CreatePlanarAndGeodeticBuffersView.swift; sourceTree = "<group>"; };
		E004A6EF284E4B9B002A1FE6 /* DownloadVectorTilesToLocalCacheView.swift */ = {isa = PBXFileReference; lastKnownFileType = sourcecode.swift; path = DownloadVectorTilesToLocalCacheView.swift; sourceTree = "<group>"; };
		E004A6F2284E4FEB002A1FE6 /* ShowResultOfSpatialOperationsView.swift */ = {isa = PBXFileReference; lastKnownFileType = sourcecode.swift; path = ShowResultOfSpatialOperationsView.swift; sourceTree = "<group>"; };
		E004A6F5284FA42A002A1FE6 /* SelectFeaturesInFeatureLayerView.swift */ = {isa = PBXFileReference; lastKnownFileType = sourcecode.swift; path = SelectFeaturesInFeatureLayerView.swift; sourceTree = "<group>"; };
		E0082216287755AC002AD138 /* View+Sheet.swift */ = {isa = PBXFileReference; lastKnownFileType = sourcecode.swift; path = "View+Sheet.swift"; sourceTree = "<group>"; };
		E041ABBF287CA9F00056009B /* WebView.swift */ = {isa = PBXFileReference; lastKnownFileType = sourcecode.swift; path = WebView.swift; sourceTree = "<group>"; };
		E041ABD6287DB04D0056009B /* SampleInfoView.swift */ = {isa = PBXFileReference; lastKnownFileType = sourcecode.swift; path = SampleInfoView.swift; sourceTree = "<group>"; };
		E041AC15287F54580056009B /* highlight.min.js */ = {isa = PBXFileReference; fileEncoding = 4; lastKnownFileType = sourcecode.javascript; path = highlight.min.js; sourceTree = "<group>"; };
		E041AC1D288076A60056009B /* info.css */ = {isa = PBXFileReference; fileEncoding = 4; lastKnownFileType = text.css; path = info.css; sourceTree = "<group>"; };
		E041AC1F288077B90056009B /* xcode.css */ = {isa = PBXFileReference; fileEncoding = 4; lastKnownFileType = text.css; path = xcode.css; sourceTree = "<group>"; };
		E066DD34285CF3B3004D3D5B /* FindRouteView.swift */ = {isa = PBXFileReference; lastKnownFileType = sourcecode.swift; path = FindRouteView.swift; sourceTree = "<group>"; };
		E066DD372860AB28004D3D5B /* StyleGraphicsWithRendererView.swift */ = {isa = PBXFileReference; lastKnownFileType = sourcecode.swift; path = StyleGraphicsWithRendererView.swift; sourceTree = "<group>"; };
		E066DD3A2860CA08004D3D5B /* ShowResultOfSpatialRelationshipsView.swift */ = {isa = PBXFileReference; lastKnownFileType = sourcecode.swift; path = ShowResultOfSpatialRelationshipsView.swift; sourceTree = "<group>"; };
		E066DD3F28610F55004D3D5B /* AddSceneLayerFromServiceView.swift */ = {isa = PBXFileReference; lastKnownFileType = sourcecode.swift; path = AddSceneLayerFromServiceView.swift; sourceTree = "<group>"; };
		E070A0A2286F3B6000F2B606 /* DownloadPreplannedMapAreaView.swift */ = {isa = PBXFileReference; lastKnownFileType = sourcecode.swift; path = DownloadPreplannedMapAreaView.swift; sourceTree = "<group>"; };
		E088E1562862579D00413100 /* SetSurfacePlacementModeView.swift */ = {isa = PBXFileReference; lastKnownFileType = sourcecode.swift; path = SetSurfacePlacementModeView.swift; sourceTree = "<group>"; };
		E088E1732863B5F800413100 /* GenerateOfflineMapView.swift */ = {isa = PBXFileReference; lastKnownFileType = sourcecode.swift; path = GenerateOfflineMapView.swift; sourceTree = "<group>"; };
		E08953F02891899600E077CF /* EnvironmentValues+SampleInfoVisibility.swift */ = {isa = PBXFileReference; lastKnownFileType = sourcecode.swift; path = "EnvironmentValues+SampleInfoVisibility.swift"; sourceTree = "<group>"; };
		E0D04FF128A5390000747989 /* DownloadPreplannedMapAreaView.Model.swift */ = {isa = PBXFileReference; lastKnownFileType = sourcecode.swift; path = DownloadPreplannedMapAreaView.Model.swift; sourceTree = "<group>"; };
		E0EA0B762866390E00C9621D /* ProjectGeometryView.swift */ = {isa = PBXFileReference; lastKnownFileType = sourcecode.swift; path = ProjectGeometryView.swift; sourceTree = "<group>"; };
		E0FE32E628747778002C6ACA /* BrowseBuildingFloorsView.swift */ = {isa = PBXFileReference; lastKnownFileType = sourcecode.swift; path = BrowseBuildingFloorsView.swift; sourceTree = "<group>"; };
		F111CCC0288B5D5600205358 /* DisplayMapFromMobileMapPackageView.swift */ = {isa = PBXFileReference; lastKnownFileType = sourcecode.swift; path = DisplayMapFromMobileMapPackageView.swift; sourceTree = "<group>"; };
		F111CCC3288B641900205358 /* Yellowstone.mmpk */ = {isa = PBXFileReference; lastKnownFileType = file; path = Yellowstone.mmpk; sourceTree = "<group>"; };
		F1E71BF0289473760064C33F /* AddRasterFromFileView.swift */ = {isa = PBXFileReference; lastKnownFileType = sourcecode.swift; path = AddRasterFromFileView.swift; sourceTree = "<group>"; };
/* End PBXFileReference section */

/* Begin PBXFrameworksBuildPhase section */
		00E5401027F3CCA200CF66D5 /* Frameworks */ = {
			isa = PBXFrameworksBuildPhase;
			buildActionMask = 2147483647;
			files = (
				00C43AED2947DC350099AE34 /* ArcGISToolkit in Frameworks */,
			);
			runOnlyForDeploymentPostprocessing = 0;
		};
/* End PBXFrameworksBuildPhase section */

/* Begin PBXGroup section */
		0005580D281872BE00224BC6 /* Views */ = {
			isa = PBXGroup;
			children = (
				00B04272282EC59E0072E1B4 /* AboutView.swift */,
				00E5400D27F3CCA100CF66D5 /* ContentView.swift */,
				000558092817C51E00224BC6 /* SampleDetailView.swift */,
				E041ABD6287DB04D0056009B /* SampleInfoView.swift */,
				0005580B28185C0600224BC6 /* SampleList.swift */,
				E041ABBF287CA9F00056009B /* WebView.swift */,
			);
			path = Views;
			sourceTree = "<group>";
		};
		00181B442846AD3900654571 /* Extensions */ = {
			isa = PBXGroup;
			children = (
				E08953F02891899600E077CF /* EnvironmentValues+SampleInfoVisibility.swift */,
				00181B452846AD7100654571 /* View+Alert.swift */,
				E0082216287755AC002AD138 /* View+Sheet.swift */,
			);
			path = Extensions;
			sourceTree = "<group>";
		};
		003D7C332821EBCC009DDFD2 /* Scripts */ = {
			isa = PBXGroup;
			children = (
				00CCB8A2285AAD7D00BBAB70 /* DowloadPortalItemData.swift */,
				003D7C352821EBCC009DDFD2 /* GenerateSampleViewSourceCode.swift */,
				003D7C342821EBCC009DDFD2 /* masquerade */,
			);
			path = Scripts;
			sourceTree = "<group>";
		};
		0044288C29C90BD500160767 /* Get elevation at point on surface */ = {
			isa = PBXGroup;
			children = (
				0044289129C90C0B00160767 /* GetElevationAtPointOnSurfaceView.swift */,
			);
			path = "Get elevation at point on surface";
			sourceTree = "<group>";
		};
		0044CDD72995C352004618CE /* Show device location history */ = {
			isa = PBXGroup;
			children = (
				0044CDDE2995C39E004618CE /* ShowDeviceLocationHistoryView.swift */,
			);
			path = "Show device location history";
			sourceTree = "<group>";
		};
		0074ABAF281742420037244A /* Supporting Files */ = {
			isa = PBXGroup;
			children = (
				00181B442846AD3900654571 /* Extensions */,
				0074ABC028174F430037244A /* Models */,
				0005580D281872BE00224BC6 /* Views */,
				E041ABC3287CAFEB0056009B /* Web */,
			);
			path = "Supporting Files";
			sourceTree = "<group>";
		};
		0074ABB228174B830037244A /* Samples */ = {
			isa = PBXGroup;
			children = (
				4D2ADC3E29C26D05003B367F /* Add dynamic entity layer */,
				00D4EF7E2863840D00B9CC30 /* Add feature layers */,
				F19A316128906F0D003B7EF9 /* Add raster from file */,
				E066DD3E28610F3F004D3D5B /* Add scene layer from service */,
				218F35B229C28F4A00502022 /* Authenticate with OAuth */,
				E0FE32E528747762002C6ACA /* Browse building floors */,
				4D2ADC5329C4F612003B367F /* Change map view background */,
				1C0C1C3229D34DAE005C8B24 /* Change viewpoint */,
				E000E75E2869E325005D87C5 /* Clip geometry */,
				E004A6EB28495538002A1FE6 /* Create planar and geodetic buffers */,
				E000E761286A0B07005D87C5 /* Cut geometry */,
				0074ABB328174B830037244A /* Display map */,
				F111CCBD288B548400205358 /* Display map from mobile map package */,
				00B04FB3283EEB830026C882 /* Display overview map */,
				E004A6D528465C70002A1FE6 /* Display scene */,
				E070A0A1286F3B3400F2B606 /* Download preplanned map area */,
				E004A6EE284E4B7A002A1FE6 /* Download vector tiles to local cache */,
				E066DD33285CF3A0004D3D5B /* Find route */,
				E088E1722863B5E600413100 /* Generate offline map */,
				0044288C29C90BD500160767 /* Get elevation at point on surface */,
				75DD739029D38B1B0010229D /* Navigate route */,
				E0EA0B75286638FD00C9621D /* Project geometry */,
				00CB913628481475005C2C5D /* Search with geocode */,
				E004A6F4284FA3C5002A1FE6 /* Select features in feature layer */,
				00B042E3282EDC690072E1B4 /* Set basemap */,
				E088E1552862578800413100 /* Set surface placement mode */,
				E004A6B928414332002A1FE6 /* Set viewpoint rotation */,
				E004A6DE2846626A002A1FE6 /* Show callout */,
				E004A6E728493BBB002A1FE6 /* Show device location */,
				0044CDD72995C352004618CE /* Show device location history */,
				1C42E04129D2396B004FC4BE /* Show popup */,
				E004A6F1284E4F80002A1FE6 /* Show result of spatial operations */,
				E066DD392860C9EE004D3D5B /* Show result of spatial relationships */,
				0086F3FC28E3770900974721 /* Show viewshed from point in scene */,
				88F93CBE29C3D4E30006B28E /* Sketch on map */,
				E066DD362860AB0B004D3D5B /* Style graphics with renderer */,
				E004A6E42846A609002A1FE6 /* Style graphics with symbols */,
				75DD73B129D4C8900010229D /* Trace utility network */,
			);
			path = Samples;
			sourceTree = "<group>";
		};
		0074ABB328174B830037244A /* Display map */ = {
			isa = PBXGroup;
			children = (
				0074ABBE28174BCF0037244A /* DisplayMapView.swift */,
			);
			path = "Display map";
			sourceTree = "<group>";
		};
		0074ABC028174F430037244A /* Models */ = {
			isa = PBXGroup;
			children = (
				00CCB8A4285BAF8700BBAB70 /* OnDemandResource.swift */,
				0074ABC128174F430037244A /* Sample.swift */,
			);
			path = Models;
			sourceTree = "<group>";
		};
		0086F3FC28E3770900974721 /* Show viewshed from point in scene */ = {
			isa = PBXGroup;
			children = (
				0042E24228E4BF8F001F33D6 /* ShowViewshedFromPointInSceneView.Model.swift */,
				0086F3FD28E3770900974721 /* ShowViewshedFromPointInSceneView.swift */,
				0042E24428E4F82B001F33D6 /* ShowViewshedFromPointInSceneView.ViewshedSettingsView.swift */,
			);
			path = "Show viewshed from point in scene";
			sourceTree = "<group>";
		};
		00966EE62811F64D009D3DD7 /* iOS */ = {
			isa = PBXGroup;
			children = (
				00E5402A27F775EA00CF66D5 /* Info.plist */,
			);
			path = iOS;
			sourceTree = "<group>";
		};
		00B042E3282EDC690072E1B4 /* Set basemap */ = {
			isa = PBXGroup;
			children = (
				00B042E5282EDC690072E1B4 /* SetBasemapView.swift */,
			);
			path = "Set basemap";
			sourceTree = "<group>";
		};
		00B04FB3283EEB830026C882 /* Display overview map */ = {
			isa = PBXGroup;
			children = (
				00B04FB4283EEBA80026C882 /* DisplayOverviewMapView.swift */,
			);
			path = "Display overview map";
			sourceTree = "<group>";
		};
		00C94A0228B53DCC004E42D9 /* 7c4c679ab06a4df19dc497f577f111bd */ = {
			isa = PBXGroup;
			children = (
				00C94A0C28B53DE1004E42D9 /* raster-file */,
			);
			path = 7c4c679ab06a4df19dc497f577f111bd;
			sourceTree = "<group>";
		};
		00CB913628481475005C2C5D /* Search with geocode */ = {
			isa = PBXGroup;
			children = (
				00CB9137284814A4005C2C5D /* SearchWithGeocodeView.swift */,
			);
			path = "Search with geocode";
			sourceTree = "<group>";
		};
		00CCB8A6285D059300BBAB70 /* Portal Data */ = {
			isa = PBXGroup;
			children = (
				00D4EF8128638BF100B9CC30 /* cb1b20748a9f4d128dad8a87244e3e37 */,
				00C94A0228B53DCC004E42D9 /* 7c4c679ab06a4df19dc497f577f111bd */,
				00D4EF8328638BF100B9CC30 /* 15a7cbd3af1e47cfa5d2c6b93dc44fc2 */,
				00D4EF8E28638BF100B9CC30 /* 68ec42517cdd439e81b036210483e8e7 */,
				F111CCC2288B63DB00205358 /* e1f3a7254cb845b09450f54937c16061 */,
			);
			path = "Portal Data";
			sourceTree = SOURCE_ROOT;
		};
		00D4EF7E2863840D00B9CC30 /* Add feature layers */ = {
			isa = PBXGroup;
			children = (
				00D4EF7F2863842100B9CC30 /* AddFeatureLayersView.swift */,
			);
			path = "Add feature layers";
			sourceTree = "<group>";
		};
		00D4EF8128638BF100B9CC30 /* cb1b20748a9f4d128dad8a87244e3e37 */ = {
			isa = PBXGroup;
			children = (
				00D4EF8228638BF100B9CC30 /* LA_Trails.geodatabase */,
			);
			path = cb1b20748a9f4d128dad8a87244e3e37;
			sourceTree = "<group>";
		};
		00D4EF8328638BF100B9CC30 /* 15a7cbd3af1e47cfa5d2c6b93dc44fc2 */ = {
			isa = PBXGroup;
			children = (
				00D4EFB02863CE6300B9CC30 /* ScottishWildlifeTrust_reserves */,
			);
			path = 15a7cbd3af1e47cfa5d2c6b93dc44fc2;
			sourceTree = "<group>";
		};
		00D4EF8E28638BF100B9CC30 /* 68ec42517cdd439e81b036210483e8e7 */ = {
			isa = PBXGroup;
			children = (
				00D4EF8F28638BF100B9CC30 /* AuroraCO.gpkg */,
			);
			path = 68ec42517cdd439e81b036210483e8e7;
			sourceTree = "<group>";
		};
		00E5400627F3CCA100CF66D5 = {
			isa = PBXGroup;
			children = (
				00966EE62811F64D009D3DD7 /* iOS */,
				00CCB8A6285D059300BBAB70 /* Portal Data */,
				00E5401427F3CCA200CF66D5 /* Products */,
				003D7C332821EBCC009DDFD2 /* Scripts */,
				00E5400B27F3CCA100CF66D5 /* Shared */,
				00ACF554293E6C6A0059B2A9 /* Samples.entitlements */,
			);
			sourceTree = "<group>";
		};
		00E5400B27F3CCA100CF66D5 /* Shared */ = {
			isa = PBXGroup;
			children = (
				0074ABAF281742420037244A /* Supporting Files */,
				0074ABB228174B830037244A /* Samples */,
				00E5400C27F3CCA100CF66D5 /* SamplesApp.swift */,
				00E5400E27F3CCA200CF66D5 /* Assets.xcassets */,
				001C6DD827FE585A00D472C2 /* AppSecrets.swift.masque */,
				0074ABCA2817B8DB0037244A /* SamplesApp+Samples.swift.tache */,
			);
			path = Shared;
			sourceTree = "<group>";
		};
		00E5401427F3CCA200CF66D5 /* Products */ = {
			isa = PBXGroup;
			children = (
				00E5401327F3CCA200CF66D5 /* Samples.app */,
			);
			name = Products;
			sourceTree = "<group>";
		};
		1C0C1C3229D34DAE005C8B24 /* Change viewpoint */ = {
			isa = PBXGroup;
			children = (
				1C0C1C3429D34DAE005C8B24 /* ChangeViewpointView.swift */,
			);
			path = "Change viewpoint";
			sourceTree = "<group>";
		};
		1C42E04129D2396B004FC4BE /* Show popup */ = {
			isa = PBXGroup;
			children = (
				1C42E04329D2396B004FC4BE /* ShowPopupView.swift */,
			);
			path = "Show popup";
			sourceTree = "<group>";
		};
		218F35B229C28F4A00502022 /* Authenticate with OAuth */ = {
			isa = PBXGroup;
			children = (
				218F35B329C28F4A00502022 /* AuthenticateWithOAuthView.swift */,
			);
			path = "Authenticate with OAuth";
			sourceTree = "<group>";
		};
		4D2ADC3E29C26D05003B367F /* Add dynamic entity layer */ = {
			isa = PBXGroup;
			children = (
				4D2ADC3F29C26D05003B367F /* AddDynamicEntityLayerView.swift */,
				4D2ADC6629C50BD6003B367F /* AddDynamicEntityLayerView.Model.swift */,
				4D2ADC6829C50C4C003B367F /* AddDynamicEntityLayerView.SettingsView.swift */,
			);
			path = "Add dynamic entity layer";
			sourceTree = "<group>";
		};
		4D2ADC5329C4F612003B367F /* Change map view background */ = {
			isa = PBXGroup;
			children = (
				4D2ADC5529C4F612003B367F /* ChangeMapViewBackgroundView.swift */,
				4D2ADC5829C4F612003B367F /* ChangeMapViewBackgroundView.SettingsView.swift */,
				4D2ADC6129C5071C003B367F /* ChangeMapViewBackgroundView.Model.swift */,
			);
			path = "Change map view background";
			sourceTree = "<group>";
		};
		75DD73B129D4C8900010229D /* Trace utility network */ = {
			isa = PBXGroup;
			children = (
				75DD73B229D4C8900010229D /* TraceUtilityNetworkView.Model.swift */,
				75DD73B429D4C8900010229D /* TraceUtilityNetworkView.Enums.swift */,
				75DD73B629D4C8900010229D /* TraceUtilityNetworkView.Views.swift */,
				75DD73B729D4C8900010229D /* TraceUtilityNetworkView.swift */,
			);
			path = "Trace utility network";
		75DD739029D38B1B0010229D /* Navigate route */ = {
			isa = PBXGroup;
			children = (
				75DD739129D38B1B0010229D /* NavigateRouteView.swift */,
			);
			path = "Navigate route";
			sourceTree = "<group>";
		};
		88F93CBE29C3D4E30006B28E /* Sketch on map */ = {
			isa = PBXGroup;
			children = (
				88F93CC029C3D59C0006B28E /* SketchOnMapView.swift */,
			);
			path = "Sketch on map";
			sourceTree = "<group>";
		};
		E000E75E2869E325005D87C5 /* Clip geometry */ = {
			isa = PBXGroup;
			children = (
				E000E75F2869E33D005D87C5 /* ClipGeometryView.swift */,
			);
			path = "Clip geometry";
			sourceTree = "<group>";
		};
		E000E761286A0B07005D87C5 /* Cut geometry */ = {
			isa = PBXGroup;
			children = (
				E000E762286A0B18005D87C5 /* CutGeometryView.swift */,
			);
			path = "Cut geometry";
			sourceTree = "<group>";
		};
		E004A6B928414332002A1FE6 /* Set viewpoint rotation */ = {
			isa = PBXGroup;
			children = (
				E004A6BD28414332002A1FE6 /* SetViewpointRotationView.swift */,
			);
			path = "Set viewpoint rotation";
			sourceTree = "<group>";
		};
		E004A6D528465C70002A1FE6 /* Display scene */ = {
			isa = PBXGroup;
			children = (
				E004A6D828465C70002A1FE6 /* DisplaySceneView.swift */,
			);
			path = "Display scene";
			sourceTree = "<group>";
		};
		E004A6DE2846626A002A1FE6 /* Show callout */ = {
			isa = PBXGroup;
			children = (
				E004A6DF28466279002A1FE6 /* ShowCalloutView.swift */,
			);
			path = "Show callout";
			sourceTree = "<group>";
		};
		E004A6E42846A609002A1FE6 /* Style graphics with symbols */ = {
			isa = PBXGroup;
			children = (
				E004A6E52846A61F002A1FE6 /* StyleGraphicsWithSymbolsView.swift */,
			);
			path = "Style graphics with symbols";
			sourceTree = "<group>";
		};
		E004A6E728493BBB002A1FE6 /* Show device location */ = {
			isa = PBXGroup;
			children = (
				E004A6E828493BCE002A1FE6 /* ShowDeviceLocationView.swift */,
			);
			path = "Show device location";
			sourceTree = "<group>";
		};
		E004A6EB28495538002A1FE6 /* Create planar and geodetic buffers */ = {
			isa = PBXGroup;
			children = (
				E004A6EC2849556E002A1FE6 /* CreatePlanarAndGeodeticBuffersView.swift */,
			);
			path = "Create planar and geodetic buffers";
			sourceTree = "<group>";
		};
		E004A6EE284E4B7A002A1FE6 /* Download vector tiles to local cache */ = {
			isa = PBXGroup;
			children = (
				E004A6EF284E4B9B002A1FE6 /* DownloadVectorTilesToLocalCacheView.swift */,
			);
			path = "Download vector tiles to local cache";
			sourceTree = "<group>";
		};
		E004A6F1284E4F80002A1FE6 /* Show result of spatial operations */ = {
			isa = PBXGroup;
			children = (
				E004A6F2284E4FEB002A1FE6 /* ShowResultOfSpatialOperationsView.swift */,
			);
			path = "Show result of spatial operations";
			sourceTree = "<group>";
		};
		E004A6F4284FA3C5002A1FE6 /* Select features in feature layer */ = {
			isa = PBXGroup;
			children = (
				E004A6F5284FA42A002A1FE6 /* SelectFeaturesInFeatureLayerView.swift */,
			);
			path = "Select features in feature layer";
			sourceTree = "<group>";
		};
		E041ABC3287CAFEB0056009B /* Web */ = {
			isa = PBXGroup;
			children = (
				E041AC15287F54580056009B /* highlight.min.js */,
				E041AC1D288076A60056009B /* info.css */,
				E041AC1F288077B90056009B /* xcode.css */,
			);
			path = Web;
			sourceTree = "<group>";
		};
		E066DD33285CF3A0004D3D5B /* Find route */ = {
			isa = PBXGroup;
			children = (
				E066DD34285CF3B3004D3D5B /* FindRouteView.swift */,
			);
			path = "Find route";
			sourceTree = "<group>";
		};
		E066DD362860AB0B004D3D5B /* Style graphics with renderer */ = {
			isa = PBXGroup;
			children = (
				E066DD372860AB28004D3D5B /* StyleGraphicsWithRendererView.swift */,
			);
			path = "Style graphics with renderer";
			sourceTree = "<group>";
		};
		E066DD392860C9EE004D3D5B /* Show result of spatial relationships */ = {
			isa = PBXGroup;
			children = (
				E066DD3A2860CA08004D3D5B /* ShowResultOfSpatialRelationshipsView.swift */,
			);
			path = "Show result of spatial relationships";
			sourceTree = "<group>";
		};
		E066DD3E28610F3F004D3D5B /* Add scene layer from service */ = {
			isa = PBXGroup;
			children = (
				E066DD3F28610F55004D3D5B /* AddSceneLayerFromServiceView.swift */,
			);
			path = "Add scene layer from service";
			sourceTree = "<group>";
		};
		E070A0A1286F3B3400F2B606 /* Download preplanned map area */ = {
			isa = PBXGroup;
			children = (
				883C121429C9136600062FF9 /* DownloadPreplannedMapAreaView.MapPicker.swift */,
				E0D04FF128A5390000747989 /* DownloadPreplannedMapAreaView.Model.swift */,
				E070A0A2286F3B6000F2B606 /* DownloadPreplannedMapAreaView.swift */,
			);
			path = "Download preplanned map area";
			sourceTree = "<group>";
		};
		E088E1552862578800413100 /* Set surface placement mode */ = {
			isa = PBXGroup;
			children = (
				E088E1562862579D00413100 /* SetSurfacePlacementModeView.swift */,
			);
			path = "Set surface placement mode";
			sourceTree = "<group>";
		};
		E088E1722863B5E600413100 /* Generate offline map */ = {
			isa = PBXGroup;
			children = (
				E088E1732863B5F800413100 /* GenerateOfflineMapView.swift */,
			);
			path = "Generate offline map";
			sourceTree = "<group>";
		};
		E0EA0B75286638FD00C9621D /* Project geometry */ = {
			isa = PBXGroup;
			children = (
				E0EA0B762866390E00C9621D /* ProjectGeometryView.swift */,
			);
			path = "Project geometry";
			sourceTree = "<group>";
		};
		E0FE32E528747762002C6ACA /* Browse building floors */ = {
			isa = PBXGroup;
			children = (
				E0FE32E628747778002C6ACA /* BrowseBuildingFloorsView.swift */,
			);
			path = "Browse building floors";
			sourceTree = "<group>";
		};
		F111CCBD288B548400205358 /* Display map from mobile map package */ = {
			isa = PBXGroup;
			children = (
				F111CCC0288B5D5600205358 /* DisplayMapFromMobileMapPackageView.swift */,
			);
			path = "Display map from mobile map package";
			sourceTree = "<group>";
		};
		F111CCC2288B63DB00205358 /* e1f3a7254cb845b09450f54937c16061 */ = {
			isa = PBXGroup;
			children = (
				F111CCC3288B641900205358 /* Yellowstone.mmpk */,
			);
			path = e1f3a7254cb845b09450f54937c16061;
			sourceTree = "<group>";
		};
		F19A316128906F0D003B7EF9 /* Add raster from file */ = {
			isa = PBXGroup;
			children = (
				F1E71BF0289473760064C33F /* AddRasterFromFileView.swift */,
			);
			path = "Add raster from file";
			sourceTree = "<group>";
		};
/* End PBXGroup section */

/* Begin PBXNativeTarget section */
		00E5401227F3CCA200CF66D5 /* Samples */ = {
			isa = PBXNativeTarget;
			buildConfigurationList = 00E5402427F3CCA200CF66D5 /* Build configuration list for PBXNativeTarget "Samples" */;
			buildPhases = (
				001C6DDC27FE5CE800D472C2 /* Create .secrets File If It Does Not Exist */,
				00CCB8A3285BA2FD00BBAB70 /* Download Portal Item Data */,
				00E5402B27F77A5A00CF66D5 /* Lint Sources */,
				00E5400F27F3CCA200CF66D5 /* Sources */,
				00144B5E280634840090DD5D /* Embed Frameworks */,
				00E5401027F3CCA200CF66D5 /* Frameworks */,
				00E5401127F3CCA200CF66D5 /* Resources */,
				0039A4E82885C4E300592C86 /* Copy Source Code Files */,
				0039A4E72885C45200592C86 /* Copy README.md Files For Source Code View */,
			);
			buildRules = (
				0083586F27FE3BCF00192A15 /* PBXBuildRule */,
				0074ABCC2817B8E60037244A /* PBXBuildRule */,
			);
			dependencies = (
			);
			name = Samples;
			packageProductDependencies = (
				00C43AEC2947DC350099AE34 /* ArcGISToolkit */,
			);
			productName = "arcgis-swift-sdk-samples (iOS)";
			productReference = 00E5401327F3CCA200CF66D5 /* Samples.app */;
			productType = "com.apple.product-type.application";
		};
/* End PBXNativeTarget section */

/* Begin PBXProject section */
		00E5400727F3CCA100CF66D5 /* Project object */ = {
			isa = PBXProject;
			attributes = {
				BuildIndependentTargetsInParallel = 1;
				KnownAssetTags = (
					AddFeatureLayers,
					AddRasterFromFile,
					DisplayMapFromMobileMapPackage,
				);
				LastSwiftUpdateCheck = 1330;
				LastUpgradeCheck = 1330;
				ORGANIZATIONNAME = Esri;
				TargetAttributes = {
					00E5401227F3CCA200CF66D5 = {
						CreatedOnToolsVersion = 13.3;
					};
				};
			};
			buildConfigurationList = 00E5400A27F3CCA100CF66D5 /* Build configuration list for PBXProject "Samples" */;
			compatibilityVersion = "Xcode 13.0";
			developmentRegion = en;
			hasScannedForEncodings = 0;
			knownRegions = (
				en,
				Base,
			);
			mainGroup = 00E5400627F3CCA100CF66D5;
			packageReferences = (
				00C43AEB2947DC350099AE34 /* XCRemoteSwiftPackageReference "arcgis-maps-sdk-swift-toolkit" */,
			);
			productRefGroup = 00E5401427F3CCA200CF66D5 /* Products */;
			projectDirPath = "";
			projectRoot = "";
			targets = (
				00E5401227F3CCA200CF66D5 /* Samples */,
			);
		};
/* End PBXProject section */

/* Begin PBXResourcesBuildPhase section */
		00E5401127F3CCA200CF66D5 /* Resources */ = {
			isa = PBXResourcesBuildPhase;
			buildActionMask = 2147483647;
			files = (
				E041AC1E288076A60056009B /* info.css in Resources */,
				E041AC1A287F54580056009B /* highlight.min.js in Resources */,
				00E5402027F3CCA200CF66D5 /* Assets.xcassets in Resources */,
				00C94A0D28B53DE1004E42D9 /* raster-file in Resources */,
				E041AC20288077B90056009B /* xcode.css in Resources */,
				00D4EF9028638BF100B9CC30 /* LA_Trails.geodatabase in Resources */,
				00D4EF9A28638BF100B9CC30 /* AuroraCO.gpkg in Resources */,
				F111CCC4288B641900205358 /* Yellowstone.mmpk in Resources */,
				00D4EFB12863CE6300B9CC30 /* ScottishWildlifeTrust_reserves in Resources */,
			);
			runOnlyForDeploymentPostprocessing = 0;
		};
/* End PBXResourcesBuildPhase section */

/* Begin PBXShellScriptBuildPhase section */
		001C6DDC27FE5CE800D472C2 /* Create .secrets File If It Does Not Exist */ = {
			isa = PBXShellScriptBuildPhase;
			alwaysOutOfDate = 1;
			buildActionMask = 2147483647;
			files = (
			);
			inputFileListPaths = (
			);
			inputPaths = (
			);
			name = "Create .secrets File If It Does Not Exist";
			outputFileListPaths = (
			);
			outputPaths = (
				"$(SRCROOT)/.secrets",
			);
			runOnlyForDeploymentPostprocessing = 0;
			shellPath = /bin/sh;
			shellScript = "if [ ! -e \"$SRCROOT/.secrets\" ]\nthen\n    touch \"$SRCROOT/.secrets\"\nfi\n";
		};
		0039A4E72885C45200592C86 /* Copy README.md Files For Source Code View */ = {
			isa = PBXShellScriptBuildPhase;
			alwaysOutOfDate = 1;
			buildActionMask = 2147483647;
			files = (
			);
			inputFileListPaths = (
			);
			inputPaths = (
			);
			name = "Copy README.md Files For Source Code View";
			outputFileListPaths = (
			);
			outputPaths = (
			);
			runOnlyForDeploymentPostprocessing = 0;
			shellPath = /bin/sh;
			shellScript = "echo $BUILT_PRODUCTS_DIR\n\n# Directory to which the readmes will be copied.\nREADMES_DIR=${BUILT_PRODUCTS_DIR}/${UNLOCALIZED_RESOURCES_FOLDER_PATH}/READMEs\nmkdir -p \"${READMES_DIR}\"\n\n# Root readme for the project to skip.\nDEFAULT_README=$SRCROOT/README.md\n\n# Find all README.md files in the project.\nfind ${SRCROOT} -name \"README.md\" | while read file\ndo\n    # Skip the root readme for project.\n    if [ \"$file\" = \"$DEFAULT_README\" ]\n    then\n        echo $BUILT_PRODUCTS_DIR\n        continue\n    fi\n    \n    # Extract the folder name from the path.\n    FILE_PATH=$(dirname \"$file\")\n    FOLDER_NAME=$(basename \"$FILE_PATH\")\n    \n    cp \"${file}\" \"${READMES_DIR}/${FOLDER_NAME}.md\"\ndone\n";
		};
		00CCB8A3285BA2FD00BBAB70 /* Download Portal Item Data */ = {
			isa = PBXShellScriptBuildPhase;
			alwaysOutOfDate = 1;
			buildActionMask = 2147483647;
			files = (
			);
			inputFileListPaths = (
			);
			inputPaths = (
			);
			name = "Download Portal Item Data";
			outputFileListPaths = (
			);
			outputPaths = (
			);
			runOnlyForDeploymentPostprocessing = 0;
			shellPath = /bin/sh;
			shellScript = "SAMPLES_DIRECTORY=\"${SRCROOT}/Shared/Samples\"\nDOWNLOAD_DIRECTORY=\"${SRCROOT}/Portal Data\"\nxcrun --sdk macosx swift \"${SRCROOT}/Scripts/DowloadPortalItemData.swift\" \"$SAMPLES_DIRECTORY\" \"$DOWNLOAD_DIRECTORY\"\n";
		};
		00E5402B27F77A5A00CF66D5 /* Lint Sources */ = {
			isa = PBXShellScriptBuildPhase;
			alwaysOutOfDate = 1;
			buildActionMask = 2147483647;
			files = (
			);
			inputFileListPaths = (
			);
			inputPaths = (
			);
			name = "Lint Sources";
			outputFileListPaths = (
			);
			outputPaths = (
			);
			runOnlyForDeploymentPostprocessing = 0;
			shellPath = /bin/sh;
			shellScript = "export PATH=\"$PATH:/opt/homebrew/bin\"\nif which swiftlint > /dev/null; then\n  swiftlint\nelse\n  echo \"warning: SwiftLint not installed, download from https://github.com/realm/SwiftLint\"\nfi\n";
		};
/* End PBXShellScriptBuildPhase section */

/* Begin PBXSourcesBuildPhase section */
		00E5400F27F3CCA200CF66D5 /* Sources */ = {
			isa = PBXSourcesBuildPhase;
			buildActionMask = 2147483647;
			files = (
				E000E7602869E33D005D87C5 /* ClipGeometryView.swift in Sources */,
				4D2ADC6729C50BD6003B367F /* AddDynamicEntityLayerView.Model.swift in Sources */,
				E004A6E928493BCE002A1FE6 /* ShowDeviceLocationView.swift in Sources */,
				F111CCC1288B5D5600205358 /* DisplayMapFromMobileMapPackageView.swift in Sources */,
				218F35B829C28F4A00502022 /* AuthenticateWithOAuthView.swift in Sources */,
				75DD73BB29D4C8900010229D /* TraceUtilityNetworkView.Enums.swift in Sources */,
				75DD73B929D4C8900010229D /* TraceUtilityNetworkView.Model.swift in Sources */,
				0005580C28185C0600224BC6 /* SampleList.swift in Sources */,
				E004A6E028466279002A1FE6 /* ShowCalloutView.swift in Sources */,
				E000E763286A0B18005D87C5 /* CutGeometryView.swift in Sources */,
				001C6DE127FE8A9400D472C2 /* AppSecrets.swift.masque in Sources */,
				E0D04FF228A5390000747989 /* DownloadPreplannedMapAreaView.Model.swift in Sources */,
				00CCB8A5285BAF8700BBAB70 /* OnDemandResource.swift in Sources */,
				E004A6ED2849556E002A1FE6 /* CreatePlanarAndGeodeticBuffersView.swift in Sources */,
				E041ABD7287DB04D0056009B /* SampleInfoView.swift in Sources */,
				E0082217287755AC002AD138 /* View+Sheet.swift in Sources */,
				00181B462846AD7100654571 /* View+Alert.swift in Sources */,
				E0FE32E728747778002C6ACA /* BrowseBuildingFloorsView.swift in Sources */,
				E070A0A3286F3B6000F2B606 /* DownloadPreplannedMapAreaView.swift in Sources */,
				E0EA0B772866390E00C9621D /* ProjectGeometryView.swift in Sources */,
				0042E24328E4BF8F001F33D6 /* ShowViewshedFromPointInSceneView.Model.swift in Sources */,
				0005580A2817C51E00224BC6 /* SampleDetailView.swift in Sources */,
				4D2ADC6229C5071C003B367F /* ChangeMapViewBackgroundView.Model.swift in Sources */,
				0074ABCD2817BCC30037244A /* SamplesApp+Samples.swift.tache in Sources */,
				E004A6F3284E4FEB002A1FE6 /* ShowResultOfSpatialOperationsView.swift in Sources */,
				F1E71BF1289473760064C33F /* AddRasterFromFileView.swift in Sources */,
				00B04273282EC59E0072E1B4 /* AboutView.swift in Sources */,
				4D2ADC6929C50C4C003B367F /* AddDynamicEntityLayerView.SettingsView.swift in Sources */,
				1C42E04729D2396B004FC4BE /* ShowPopupView.swift in Sources */,
				E066DD3B2860CA08004D3D5B /* ShowResultOfSpatialRelationshipsView.swift in Sources */,
				4D2ADC5A29C4F612003B367F /* ChangeMapViewBackgroundView.swift in Sources */,
				0044CDDF2995C39E004618CE /* ShowDeviceLocationHistoryView.swift in Sources */,
				75DD73BD29D4C8910010229D /* TraceUtilityNetworkView.Views.swift in Sources */,
				E041ABC0287CA9F00056009B /* WebView.swift in Sources */,
				E088E1572862579D00413100 /* SetSurfacePlacementModeView.swift in Sources */,
				E004A6C128414332002A1FE6 /* SetViewpointRotationView.swift in Sources */,
				883C121529C9136600062FF9 /* DownloadPreplannedMapAreaView.MapPicker.swift in Sources */,
				00E5401E27F3CCA200CF66D5 /* ContentView.swift in Sources */,
				E066DD382860AB28004D3D5B /* StyleGraphicsWithRendererView.swift in Sources */,
				00B04FB5283EEBA80026C882 /* DisplayOverviewMapView.swift in Sources */,
				4D2ADC5D29C4F612003B367F /* ChangeMapViewBackgroundView.SettingsView.swift in Sources */,
				75DD739529D38B1B0010229D /* NavigateRouteView.swift in Sources */,
				0074ABBF28174BCF0037244A /* DisplayMapView.swift in Sources */,
				0086F40128E3770A00974721 /* ShowViewshedFromPointInSceneView.swift in Sources */,
				0044289229C90C0B00160767 /* GetElevationAtPointOnSurfaceView.swift in Sources */,
				00D4EF802863842100B9CC30 /* AddFeatureLayersView.swift in Sources */,
				88F93CC129C3D59D0006B28E /* SketchOnMapView.swift in Sources */,
				1C0C1C3929D34DAE005C8B24 /* ChangeViewpointView.swift in Sources */,
				E004A6DC28465C70002A1FE6 /* DisplaySceneView.swift in Sources */,
				E066DD35285CF3B3004D3D5B /* FindRouteView.swift in Sources */,
				E004A6F6284FA42A002A1FE6 /* SelectFeaturesInFeatureLayerView.swift in Sources */,
				E08953F12891899600E077CF /* EnvironmentValues+SampleInfoVisibility.swift in Sources */,
				00B042E8282EDC690072E1B4 /* SetBasemapView.swift in Sources */,
				75DD73BE29D4C8910010229D /* TraceUtilityNetworkView.swift in Sources */,
				E004A6E62846A61F002A1FE6 /* StyleGraphicsWithSymbolsView.swift in Sources */,
				E088E1742863B5F800413100 /* GenerateOfflineMapView.swift in Sources */,
				0074ABC428174F430037244A /* Sample.swift in Sources */,
				E004A6F0284E4B9B002A1FE6 /* DownloadVectorTilesToLocalCacheView.swift in Sources */,
				4D2ADC4329C26D05003B367F /* AddDynamicEntityLayerView.swift in Sources */,
				0042E24528E4F82C001F33D6 /* ShowViewshedFromPointInSceneView.ViewshedSettingsView.swift in Sources */,
				00CB9138284814A4005C2C5D /* SearchWithGeocodeView.swift in Sources */,
				00E5401C27F3CCA200CF66D5 /* SamplesApp.swift in Sources */,
				E066DD4028610F55004D3D5B /* AddSceneLayerFromServiceView.swift in Sources */,
			);
			runOnlyForDeploymentPostprocessing = 0;
		};
/* End PBXSourcesBuildPhase section */

/* Begin XCBuildConfiguration section */
		00E5402227F3CCA200CF66D5 /* Debug */ = {
			isa = XCBuildConfiguration;
			buildSettings = {
				ALWAYS_SEARCH_USER_PATHS = NO;
				CLANG_ANALYZER_NONNULL = YES;
				CLANG_ANALYZER_NUMBER_OBJECT_CONVERSION = YES_AGGRESSIVE;
				CLANG_CXX_LANGUAGE_STANDARD = "gnu++17";
				CLANG_ENABLE_MODULES = YES;
				CLANG_ENABLE_OBJC_ARC = YES;
				CLANG_ENABLE_OBJC_WEAK = YES;
				CLANG_WARN_BLOCK_CAPTURE_AUTORELEASING = YES;
				CLANG_WARN_BOOL_CONVERSION = YES;
				CLANG_WARN_COMMA = YES;
				CLANG_WARN_CONSTANT_CONVERSION = YES;
				CLANG_WARN_DEPRECATED_OBJC_IMPLEMENTATIONS = YES;
				CLANG_WARN_DIRECT_OBJC_ISA_USAGE = YES_ERROR;
				CLANG_WARN_DOCUMENTATION_COMMENTS = YES;
				CLANG_WARN_EMPTY_BODY = YES;
				CLANG_WARN_ENUM_CONVERSION = YES;
				CLANG_WARN_INFINITE_RECURSION = YES;
				CLANG_WARN_INT_CONVERSION = YES;
				CLANG_WARN_NON_LITERAL_NULL_CONVERSION = YES;
				CLANG_WARN_OBJC_IMPLICIT_RETAIN_SELF = YES;
				CLANG_WARN_OBJC_LITERAL_CONVERSION = YES;
				CLANG_WARN_OBJC_ROOT_CLASS = YES_ERROR;
				CLANG_WARN_QUOTED_INCLUDE_IN_FRAMEWORK_HEADER = YES;
				CLANG_WARN_RANGE_LOOP_ANALYSIS = YES;
				CLANG_WARN_STRICT_PROTOTYPES = YES;
				CLANG_WARN_SUSPICIOUS_MOVE = YES;
				CLANG_WARN_UNGUARDED_AVAILABILITY = YES_AGGRESSIVE;
				CLANG_WARN_UNREACHABLE_CODE = YES;
				CLANG_WARN__DUPLICATE_METHOD_MATCH = YES;
				COPY_PHASE_STRIP = NO;
				DEAD_CODE_STRIPPING = YES;
				DEBUG_INFORMATION_FORMAT = dwarf;
				ENABLE_STRICT_OBJC_MSGSEND = YES;
				ENABLE_TESTABILITY = YES;
				GCC_C_LANGUAGE_STANDARD = gnu11;
				GCC_DYNAMIC_NO_PIC = NO;
				GCC_NO_COMMON_BLOCKS = YES;
				GCC_OPTIMIZATION_LEVEL = 0;
				GCC_PREPROCESSOR_DEFINITIONS = (
					"DEBUG=1",
					"$(inherited)",
				);
				GCC_WARN_64_TO_32_BIT_CONVERSION = YES;
				GCC_WARN_ABOUT_RETURN_TYPE = YES_ERROR;
				GCC_WARN_UNDECLARED_SELECTOR = YES;
				GCC_WARN_UNINITIALIZED_AUTOS = YES_AGGRESSIVE;
				GCC_WARN_UNUSED_FUNCTION = YES;
				GCC_WARN_UNUSED_VARIABLE = YES;
				MTL_ENABLE_DEBUG_INFO = INCLUDE_SOURCE;
				MTL_FAST_MATH = YES;
				ONLY_ACTIVE_ARCH = YES;
				SWIFT_ACTIVE_COMPILATION_CONDITIONS = DEBUG;
				SWIFT_OPTIMIZATION_LEVEL = "-Onone";
			};
			name = Debug;
		};
		00E5402327F3CCA200CF66D5 /* Release */ = {
			isa = XCBuildConfiguration;
			buildSettings = {
				ALWAYS_SEARCH_USER_PATHS = NO;
				CLANG_ANALYZER_NONNULL = YES;
				CLANG_ANALYZER_NUMBER_OBJECT_CONVERSION = YES_AGGRESSIVE;
				CLANG_CXX_LANGUAGE_STANDARD = "gnu++17";
				CLANG_ENABLE_MODULES = YES;
				CLANG_ENABLE_OBJC_ARC = YES;
				CLANG_ENABLE_OBJC_WEAK = YES;
				CLANG_WARN_BLOCK_CAPTURE_AUTORELEASING = YES;
				CLANG_WARN_BOOL_CONVERSION = YES;
				CLANG_WARN_COMMA = YES;
				CLANG_WARN_CONSTANT_CONVERSION = YES;
				CLANG_WARN_DEPRECATED_OBJC_IMPLEMENTATIONS = YES;
				CLANG_WARN_DIRECT_OBJC_ISA_USAGE = YES_ERROR;
				CLANG_WARN_DOCUMENTATION_COMMENTS = YES;
				CLANG_WARN_EMPTY_BODY = YES;
				CLANG_WARN_ENUM_CONVERSION = YES;
				CLANG_WARN_INFINITE_RECURSION = YES;
				CLANG_WARN_INT_CONVERSION = YES;
				CLANG_WARN_NON_LITERAL_NULL_CONVERSION = YES;
				CLANG_WARN_OBJC_IMPLICIT_RETAIN_SELF = YES;
				CLANG_WARN_OBJC_LITERAL_CONVERSION = YES;
				CLANG_WARN_OBJC_ROOT_CLASS = YES_ERROR;
				CLANG_WARN_QUOTED_INCLUDE_IN_FRAMEWORK_HEADER = YES;
				CLANG_WARN_RANGE_LOOP_ANALYSIS = YES;
				CLANG_WARN_STRICT_PROTOTYPES = YES;
				CLANG_WARN_SUSPICIOUS_MOVE = YES;
				CLANG_WARN_UNGUARDED_AVAILABILITY = YES_AGGRESSIVE;
				CLANG_WARN_UNREACHABLE_CODE = YES;
				CLANG_WARN__DUPLICATE_METHOD_MATCH = YES;
				COPY_PHASE_STRIP = NO;
				DEAD_CODE_STRIPPING = YES;
				DEBUG_INFORMATION_FORMAT = "dwarf-with-dsym";
				ENABLE_NS_ASSERTIONS = NO;
				ENABLE_STRICT_OBJC_MSGSEND = YES;
				GCC_C_LANGUAGE_STANDARD = gnu11;
				GCC_NO_COMMON_BLOCKS = YES;
				GCC_WARN_64_TO_32_BIT_CONVERSION = YES;
				GCC_WARN_ABOUT_RETURN_TYPE = YES_ERROR;
				GCC_WARN_UNDECLARED_SELECTOR = YES;
				GCC_WARN_UNINITIALIZED_AUTOS = YES_AGGRESSIVE;
				GCC_WARN_UNUSED_FUNCTION = YES;
				GCC_WARN_UNUSED_VARIABLE = YES;
				MTL_ENABLE_DEBUG_INFO = NO;
				MTL_FAST_MATH = YES;
				SWIFT_COMPILATION_MODE = wholemodule;
				SWIFT_OPTIMIZATION_LEVEL = "-O";
			};
			name = Release;
		};
		00E5402527F3CCA200CF66D5 /* Debug */ = {
			isa = XCBuildConfiguration;
			buildSettings = {
				ASSETCATALOG_COMPILER_APPICON_NAME = AppIcon;
				ASSETCATALOG_COMPILER_GLOBAL_ACCENT_COLOR_NAME = AccentColor;
				CODE_SIGN_ENTITLEMENTS = Samples.entitlements;
				"CODE_SIGN_IDENTITY[sdk=macosx*]" = "Apple Development";
				CODE_SIGN_STYLE = Automatic;
				CURRENT_PROJECT_VERSION = 1;
				EMBED_ASSET_PACKS_IN_PRODUCT_BUNDLE = YES;
				INFOPLIST_FILE = "$(SRCROOT)/iOS/Info.plist";
				IPHONEOS_DEPLOYMENT_TARGET = 15.0;
				"IPHONEOS_DEPLOYMENT_TARGET[sdk=macosx*]" = 15.0;
				LD_RUNPATH_SEARCH_PATHS = (
					"$(inherited)",
					"@executable_path/Frameworks",
				);
				MARKETING_VERSION = 200.0.0;
				PRODUCT_BUNDLE_IDENTIFIER = "com.esri.arcgis-swift-sdk-samples";
				PRODUCT_NAME = Samples;
				SDKROOT = iphoneos;
				SUPPORTED_PLATFORMS = "iphoneos iphonesimulator";
				SUPPORTS_MACCATALYST = YES;
				SUPPORTS_MAC_DESIGNED_FOR_IPHONE_IPAD = NO;
				SWIFT_EMIT_LOC_STRINGS = YES;
				SWIFT_VERSION = 5.0;
				TARGETED_DEVICE_FAMILY = "1,2";
			};
			name = Debug;
		};
		00E5402627F3CCA200CF66D5 /* Release */ = {
			isa = XCBuildConfiguration;
			buildSettings = {
				ASSETCATALOG_COMPILER_APPICON_NAME = AppIcon;
				ASSETCATALOG_COMPILER_GLOBAL_ACCENT_COLOR_NAME = AccentColor;
				CODE_SIGN_ENTITLEMENTS = Samples.entitlements;
				"CODE_SIGN_IDENTITY[sdk=macosx*]" = "Apple Development";
				CODE_SIGN_STYLE = Automatic;
				CURRENT_PROJECT_VERSION = 1;
				EMBED_ASSET_PACKS_IN_PRODUCT_BUNDLE = YES;
				INFOPLIST_FILE = "$(SRCROOT)/iOS/Info.plist";
				IPHONEOS_DEPLOYMENT_TARGET = 15.0;
				"IPHONEOS_DEPLOYMENT_TARGET[sdk=macosx*]" = 15.0;
				LD_RUNPATH_SEARCH_PATHS = (
					"$(inherited)",
					"@executable_path/Frameworks",
				);
				MARKETING_VERSION = 200.0.0;
				PRODUCT_BUNDLE_IDENTIFIER = "com.esri.arcgis-swift-sdk-samples";
				PRODUCT_NAME = Samples;
				SDKROOT = iphoneos;
				SUPPORTED_PLATFORMS = "iphoneos iphonesimulator";
				SUPPORTS_MACCATALYST = YES;
				SUPPORTS_MAC_DESIGNED_FOR_IPHONE_IPAD = NO;
				SWIFT_EMIT_LOC_STRINGS = YES;
				SWIFT_VERSION = 5.0;
				TARGETED_DEVICE_FAMILY = "1,2";
				VALIDATE_PRODUCT = YES;
			};
			name = Release;
		};
/* End XCBuildConfiguration section */

/* Begin XCConfigurationList section */
		00E5400A27F3CCA100CF66D5 /* Build configuration list for PBXProject "Samples" */ = {
			isa = XCConfigurationList;
			buildConfigurations = (
				00E5402227F3CCA200CF66D5 /* Debug */,
				00E5402327F3CCA200CF66D5 /* Release */,
			);
			defaultConfigurationIsVisible = 0;
			defaultConfigurationName = Release;
		};
		00E5402427F3CCA200CF66D5 /* Build configuration list for PBXNativeTarget "Samples" */ = {
			isa = XCConfigurationList;
			buildConfigurations = (
				00E5402527F3CCA200CF66D5 /* Debug */,
				00E5402627F3CCA200CF66D5 /* Release */,
			);
			defaultConfigurationIsVisible = 0;
			defaultConfigurationName = Release;
		};
/* End XCConfigurationList section */

/* Begin XCRemoteSwiftPackageReference section */
		00C43AEB2947DC350099AE34 /* XCRemoteSwiftPackageReference "arcgis-maps-sdk-swift-toolkit" */ = {
			isa = XCRemoteSwiftPackageReference;
			repositoryURL = "https://github.com/Esri/arcgis-maps-sdk-swift-toolkit/";
			requirement = {
				kind = upToNextMinorVersion;
				minimumVersion = "200.0.0-beta";
			};
		};
/* End XCRemoteSwiftPackageReference section */

/* Begin XCSwiftPackageProductDependency section */
		00C43AEC2947DC350099AE34 /* ArcGISToolkit */ = {
			isa = XCSwiftPackageProductDependency;
			package = 00C43AEB2947DC350099AE34 /* XCRemoteSwiftPackageReference "arcgis-maps-sdk-swift-toolkit" */;
			productName = ArcGISToolkit;
		};
/* End XCSwiftPackageProductDependency section */
	};
	rootObject = 00E5400727F3CCA100CF66D5 /* Project object */;
}
